// !$*UTF8*$!
{
	archiveVersion = 1;
	classes = {
	};
	objectVersion = 46;
	objects = {

/* Begin PBXBuildFile section */
		FED22F04190E911200277079 /* Foundation.framework in Frameworks */ = {isa = PBXBuildFile; fileRef = FED22F03190E911200277079 /* Foundation.framework */; };
		FED22F06190E911200277079 /* CoreGraphics.framework in Frameworks */ = {isa = PBXBuildFile; fileRef = FED22F05190E911200277079 /* CoreGraphics.framework */; };
		FED22F08190E911200277079 /* UIKit.framework in Frameworks */ = {isa = PBXBuildFile; fileRef = FED22F07190E911200277079 /* UIKit.framework */; };
		FED22F0E190E911200277079 /* InfoPlist.strings in Resources */ = {isa = PBXBuildFile; fileRef = FED22F0C190E911200277079 /* InfoPlist.strings */; };
		FED22F10190E911200277079 /* main.m in Sources */ = {isa = PBXBuildFile; fileRef = FED22F0F190E911200277079 /* main.m */; };
		FED22F14190E911200277079 /* TAppDelegate.m in Sources */ = {isa = PBXBuildFile; fileRef = FED22F13190E911200277079 /* TAppDelegate.m */; };
		FED22F16190E911200277079 /* Images.xcassets in Resources */ = {isa = PBXBuildFile; fileRef = FED22F15190E911200277079 /* Images.xcassets */; };
		FED22F1D190E911200277079 /* XCTest.framework in Frameworks */ = {isa = PBXBuildFile; fileRef = FED22F1C190E911200277079 /* XCTest.framework */; };
		FED22F1E190E911200277079 /* Foundation.framework in Frameworks */ = {isa = PBXBuildFile; fileRef = FED22F03190E911200277079 /* Foundation.framework */; };
		FED22F1F190E911200277079 /* UIKit.framework in Frameworks */ = {isa = PBXBuildFile; fileRef = FED22F07190E911200277079 /* UIKit.framework */; };
		FED22F27190E911200277079 /* InfoPlist.strings in Resources */ = {isa = PBXBuildFile; fileRef = FED22F25190E911200277079 /* InfoPlist.strings */; };
		FED22F29190E911200277079 /* TingCheBaoTests.m in Sources */ = {isa = PBXBuildFile; fileRef = FED22F28190E911200277079 /* TingCheBaoTests.m */; };
/* End PBXBuildFile section */

/* Begin PBXContainerItemProxy section */
		FED22F20190E911200277079 /* PBXContainerItemProxy */ = {
			isa = PBXContainerItemProxy;
			containerPortal = FED22EF8190E911200277079 /* Project object */;
			proxyType = 1;
			remoteGlobalIDString = FED22EFF190E911200277079;
			remoteInfo = TingCheBao;
		};
/* End PBXContainerItemProxy section */

/* Begin PBXFileReference section */
		FED22F00190E911200277079 /* TingCheBao.app */ = {isa = PBXFileReference; explicitFileType = wrapper.application; includeInIndex = 0; path = TingCheBao.app; sourceTree = BUILT_PRODUCTS_DIR; };
		FED22F03190E911200277079 /* Foundation.framework */ = {isa = PBXFileReference; lastKnownFileType = wrapper.framework; name = Foundation.framework; path = System/Library/Frameworks/Foundation.framework; sourceTree = SDKROOT; };
		FED22F05190E911200277079 /* CoreGraphics.framework */ = {isa = PBXFileReference; lastKnownFileType = wrapper.framework; name = CoreGraphics.framework; path = System/Library/Frameworks/CoreGraphics.framework; sourceTree = SDKROOT; };
		FED22F07190E911200277079 /* UIKit.framework */ = {isa = PBXFileReference; lastKnownFileType = wrapper.framework; name = UIKit.framework; path = System/Library/Frameworks/UIKit.framework; sourceTree = SDKROOT; };
		FED22F0B190E911200277079 /* TingCheBao-Info.plist */ = {isa = PBXFileReference; lastKnownFileType = text.plist.xml; path = "TingCheBao-Info.plist"; sourceTree = "<group>"; };
		FED22F0D190E911200277079 /* en */ = {isa = PBXFileReference; lastKnownFileType = text.plist.strings; name = en; path = en.lproj/InfoPlist.strings; sourceTree = "<group>"; };
		FED22F0F190E911200277079 /* main.m */ = {isa = PBXFileReference; lastKnownFileType = sourcecode.c.objc; path = main.m; sourceTree = "<group>"; };
		FED22F11190E911200277079 /* TingCheBao-Prefix.pch */ = {isa = PBXFileReference; lastKnownFileType = sourcecode.c.h; path = "TingCheBao-Prefix.pch"; sourceTree = "<group>"; };
		FED22F12190E911200277079 /* TAppDelegate.h */ = {isa = PBXFileReference; lastKnownFileType = sourcecode.c.h; path = TAppDelegate.h; sourceTree = "<group>"; };
		FED22F13190E911200277079 /* TAppDelegate.m */ = {isa = PBXFileReference; lastKnownFileType = sourcecode.c.objc; path = TAppDelegate.m; sourceTree = "<group>"; };
		FED22F15190E911200277079 /* Images.xcassets */ = {isa = PBXFileReference; lastKnownFileType = folder.assetcatalog; path = Images.xcassets; sourceTree = "<group>"; };
		FED22F1B190E911200277079 /* TingCheBaoTests.xctest */ = {isa = PBXFileReference; explicitFileType = wrapper.cfbundle; includeInIndex = 0; path = TingCheBaoTests.xctest; sourceTree = BUILT_PRODUCTS_DIR; };
		FED22F1C190E911200277079 /* XCTest.framework */ = {isa = PBXFileReference; lastKnownFileType = wrapper.framework; name = XCTest.framework; path = Library/Frameworks/XCTest.framework; sourceTree = DEVELOPER_DIR; };
		FED22F24190E911200277079 /* TingCheBaoTests-Info.plist */ = {isa = PBXFileReference; lastKnownFileType = text.plist.xml; path = "TingCheBaoTests-Info.plist"; sourceTree = "<group>"; };
		FED22F26190E911200277079 /* en */ = {isa = PBXFileReference; lastKnownFileType = text.plist.strings; name = en; path = en.lproj/InfoPlist.strings; sourceTree = "<group>"; };
		FED22F28190E911200277079 /* TingCheBaoTests.m */ = {isa = PBXFileReference; lastKnownFileType = sourcecode.c.objc; path = TingCheBaoTests.m; sourceTree = "<group>"; };
/* End PBXFileReference section */

/* Begin PBXFrameworksBuildPhase section */
		FED22EFD190E911200277079 /* Frameworks */ = {
			isa = PBXFrameworksBuildPhase;
			buildActionMask = 2147483647;
			files = (
				FED22F06190E911200277079 /* CoreGraphics.framework in Frameworks */,
				FED22F08190E911200277079 /* UIKit.framework in Frameworks */,
				FED22F04190E911200277079 /* Foundation.framework in Frameworks */,
			);
			runOnlyForDeploymentPostprocessing = 0;
		};
		FED22F18190E911200277079 /* Frameworks */ = {
			isa = PBXFrameworksBuildPhase;
			buildActionMask = 2147483647;
			files = (
				FED22F1D190E911200277079 /* XCTest.framework in Frameworks */,
				FED22F1F190E911200277079 /* UIKit.framework in Frameworks */,
				FED22F1E190E911200277079 /* Foundation.framework in Frameworks */,
			);
			runOnlyForDeploymentPostprocessing = 0;
		};
/* End PBXFrameworksBuildPhase section */

/* Begin PBXGroup section */
		FED22EF7190E911200277079 = {
			isa = PBXGroup;
			children = (
				FED22F09190E911200277079 /* TingCheBao */,
				FED22F22190E911200277079 /* TingCheBaoTests */,
				FED22F02190E911200277079 /* Frameworks */,
				FED22F01190E911200277079 /* Products */,
			);
			sourceTree = "<group>";
		};
		FED22F01190E911200277079 /* Products */ = {
			isa = PBXGroup;
			children = (
				FED22F00190E911200277079 /* TingCheBao.app */,
				FED22F1B190E911200277079 /* TingCheBaoTests.xctest */,
			);
			name = Products;
			sourceTree = "<group>";
		};
		FED22F02190E911200277079 /* Frameworks */ = {
			isa = PBXGroup;
			children = (
				FED22F03190E911200277079 /* Foundation.framework */,
				FED22F05190E911200277079 /* CoreGraphics.framework */,
				FED22F07190E911200277079 /* UIKit.framework */,
				FED22F1C190E911200277079 /* XCTest.framework */,
			);
			name = Frameworks;
			sourceTree = "<group>";
		};
		FED22F09190E911200277079 /* TingCheBao */ = {
			isa = PBXGroup;
			children = (
				FED22F12190E911200277079 /* TAppDelegate.h */,
				FED22F13190E911200277079 /* TAppDelegate.m */,
				FED22F15190E911200277079 /* Images.xcassets */,
				FED22F0A190E911200277079 /* Supporting Files */,
			);
			path = TingCheBao;
			sourceTree = "<group>";
		};
		FED22F0A190E911200277079 /* Supporting Files */ = {
			isa = PBXGroup;
			children = (
				FED22F0B190E911200277079 /* TingCheBao-Info.plist */,
				FED22F0C190E911200277079 /* InfoPlist.strings */,
				FED22F0F190E911200277079 /* main.m */,
				FED22F11190E911200277079 /* TingCheBao-Prefix.pch */,
			);
			name = "Supporting Files";
			sourceTree = "<group>";
		};
		FED22F22190E911200277079 /* TingCheBaoTests */ = {
			isa = PBXGroup;
			children = (
				FED22F28190E911200277079 /* TingCheBaoTests.m */,
				FED22F23190E911200277079 /* Supporting Files */,
			);
			path = TingCheBaoTests;
			sourceTree = "<group>";
		};
		FED22F23190E911200277079 /* Supporting Files */ = {
			isa = PBXGroup;
			children = (
				FED22F24190E911200277079 /* TingCheBaoTests-Info.plist */,
				FED22F25190E911200277079 /* InfoPlist.strings */,
			);
			name = "Supporting Files";
			sourceTree = "<group>";
		};
/* End PBXGroup section */

/* Begin PBXNativeTarget section */
		FED22EFF190E911200277079 /* TingCheBao */ = {
			isa = PBXNativeTarget;
			buildConfigurationList = FED22F2C190E911200277079 /* Build configuration list for PBXNativeTarget "TingCheBao" */;
			buildPhases = (
				FED22EFC190E911200277079 /* Sources */,
				FED22EFD190E911200277079 /* Frameworks */,
				FED22EFE190E911200277079 /* Resources */,
			);
			buildRules = (
			);
			dependencies = (
			);
			name = TingCheBao;
			productName = TingCheBao;
			productReference = FED22F00190E911200277079 /* TingCheBao.app */;
			productType = "com.apple.product-type.application";
		};
		FED22F1A190E911200277079 /* TingCheBaoTests */ = {
			isa = PBXNativeTarget;
			buildConfigurationList = FED22F2F190E911200277079 /* Build configuration list for PBXNativeTarget "TingCheBaoTests" */;
			buildPhases = (
				FED22F17190E911200277079 /* Sources */,
				FED22F18190E911200277079 /* Frameworks */,
				FED22F19190E911200277079 /* Resources */,
			);
			buildRules = (
			);
			dependencies = (
				FED22F21190E911200277079 /* PBXTargetDependency */,
			);
			name = TingCheBaoTests;
			productName = TingCheBaoTests;
			productReference = FED22F1B190E911200277079 /* TingCheBaoTests.xctest */;
			productType = "com.apple.product-type.bundle.unit-test";
		};
/* End PBXNativeTarget section */

/* Begin PBXProject section */
		FED22EF8190E911200277079 /* Project object */ = {
			isa = PBXProject;
			attributes = {
				CLASSPREFIX = T;
				LastUpgradeCheck = 0510;
				ORGANIZATIONNAME = zhao;
				TargetAttributes = {
					FED22F1A190E911200277079 = {
						TestTargetID = FED22EFF190E911200277079;
					};
				};
			};
			buildConfigurationList = FED22EFB190E911200277079 /* Build configuration list for PBXProject "TingCheBao" */;
			compatibilityVersion = "Xcode 3.2";
			developmentRegion = English;
			hasScannedForEncodings = 0;
			knownRegions = (
				en,
			);
			mainGroup = FED22EF7190E911200277079;
			productRefGroup = FED22F01190E911200277079 /* Products */;
			projectDirPath = "";
			projectRoot = "";
			targets = (
				FED22EFF190E911200277079 /* TingCheBao */,
				FED22F1A190E911200277079 /* TingCheBaoTests */,
			);
		};
/* End PBXProject section */

/* Begin PBXResourcesBuildPhase section */
		FED22EFE190E911200277079 /* Resources */ = {
			isa = PBXResourcesBuildPhase;
			buildActionMask = 2147483647;
			files = (
				FED22F0E190E911200277079 /* InfoPlist.strings in Resources */,
				FED22F16190E911200277079 /* Images.xcassets in Resources */,
			);
			runOnlyForDeploymentPostprocessing = 0;
		};
		FED22F19190E911200277079 /* Resources */ = {
			isa = PBXResourcesBuildPhase;
			buildActionMask = 2147483647;
			files = (
				FED22F27190E911200277079 /* InfoPlist.strings in Resources */,
			);
			runOnlyForDeploymentPostprocessing = 0;
		};
/* End PBXResourcesBuildPhase section */

/* Begin PBXSourcesBuildPhase section */
		FED22EFC190E911200277079 /* Sources */ = {
			isa = PBXSourcesBuildPhase;
			buildActionMask = 2147483647;
			files = (
				FED22F10190E911200277079 /* main.m in Sources */,
				FED22F14190E911200277079 /* TAppDelegate.m in Sources */,
			);
			runOnlyForDeploymentPostprocessing = 0;
		};
		FED22F17190E911200277079 /* Sources */ = {
			isa = PBXSourcesBuildPhase;
			buildActionMask = 2147483647;
			files = (
				FED22F29190E911200277079 /* TingCheBaoTests.m in Sources */,
			);
			runOnlyForDeploymentPostprocessing = 0;
		};
/* End PBXSourcesBuildPhase section */

/* Begin PBXTargetDependency section */
		FED22F21190E911200277079 /* PBXTargetDependency */ = {
			isa = PBXTargetDependency;
			target = FED22EFF190E911200277079 /* TingCheBao */;
			targetProxy = FED22F20190E911200277079 /* PBXContainerItemProxy */;
		};
/* End PBXTargetDependency section */

/* Begin PBXVariantGroup section */
		FED22F0C190E911200277079 /* InfoPlist.strings */ = {
			isa = PBXVariantGroup;
			children = (
				FED22F0D190E911200277079 /* en */,
			);
			name = InfoPlist.strings;
			sourceTree = "<group>";
		};
		FED22F25190E911200277079 /* InfoPlist.strings */ = {
			isa = PBXVariantGroup;
			children = (
				FED22F26190E911200277079 /* en */,
			);
			name = InfoPlist.strings;
			sourceTree = "<group>";
		};
/* End PBXVariantGroup section */

/* Begin XCBuildConfiguration section */
		FED22F2A190E911200277079 /* Debug */ = {
			isa = XCBuildConfiguration;
			buildSettings = {
				ALWAYS_SEARCH_USER_PATHS = NO;
				CLANG_CXX_LANGUAGE_STANDARD = "gnu++0x";
				CLANG_CXX_LIBRARY = "libc++";
				CLANG_ENABLE_MODULES = YES;
				CLANG_ENABLE_OBJC_ARC = YES;
				CLANG_WARN_BOOL_CONVERSION = YES;
				CLANG_WARN_CONSTANT_CONVERSION = YES;
				CLANG_WARN_DIRECT_OBJC_ISA_USAGE = YES_ERROR;
				CLANG_WARN_EMPTY_BODY = YES;
				CLANG_WARN_ENUM_CONVERSION = YES;
				CLANG_WARN_INT_CONVERSION = YES;
				CLANG_WARN_OBJC_ROOT_CLASS = YES_ERROR;
				CLANG_WARN__DUPLICATE_METHOD_MATCH = YES;
				"CODE_SIGN_IDENTITY[sdk=iphoneos*]" = "iPhone Developer";
				COPY_PHASE_STRIP = NO;
				GCC_C_LANGUAGE_STANDARD = gnu99;
				GCC_DYNAMIC_NO_PIC = NO;
				GCC_OPTIMIZATION_LEVEL = 0;
				GCC_PREPROCESSOR_DEFINITIONS = (
					"DEBUG=1",
					"$(inherited)",
				);
				GCC_SYMBOLS_PRIVATE_EXTERN = NO;
				GCC_WARN_64_TO_32_BIT_CONVERSION = YES;
				GCC_WARN_ABOUT_RETURN_TYPE = YES_ERROR;
				GCC_WARN_UNDECLARED_SELECTOR = YES;
				GCC_WARN_UNINITIALIZED_AUTOS = YES_AGGRESSIVE;
				GCC_WARN_UNUSED_FUNCTION = YES;
				GCC_WARN_UNUSED_VARIABLE = YES;
				IPHONEOS_DEPLOYMENT_TARGET = 7.1;
				ONLY_ACTIVE_ARCH = YES;
				SDKROOT = iphoneos;
			};
			name = Debug;
		};
		FED22F2B190E911200277079 /* Release */ = {
			isa = XCBuildConfiguration;
			buildSettings = {
				ALWAYS_SEARCH_USER_PATHS = NO;
				CLANG_CXX_LANGUAGE_STANDARD = "gnu++0x";
				CLANG_CXX_LIBRARY = "libc++";
				CLANG_ENABLE_MODULES = YES;
				CLANG_ENABLE_OBJC_ARC = YES;
				CLANG_WARN_BOOL_CONVERSION = YES;
				CLANG_WARN_CONSTANT_CONVERSION = YES;
				CLANG_WARN_DIRECT_OBJC_ISA_USAGE = YES_ERROR;
				CLANG_WARN_EMPTY_BODY = YES;
				CLANG_WARN_ENUM_CONVERSION = YES;
				CLANG_WARN_INT_CONVERSION = YES;
				CLANG_WARN_OBJC_ROOT_CLASS = YES_ERROR;
				CLANG_WARN__DUPLICATE_METHOD_MATCH = YES;
				"CODE_SIGN_IDENTITY[sdk=iphoneos*]" = "iPhone Developer";
				COPY_PHASE_STRIP = YES;
				ENABLE_NS_ASSERTIONS = NO;
				GCC_C_LANGUAGE_STANDARD = gnu99;
				GCC_WARN_64_TO_32_BIT_CONVERSION = YES;
				GCC_WARN_ABOUT_RETURN_TYPE = YES_ERROR;
				GCC_WARN_UNDECLARED_SELECTOR = YES;
				GCC_WARN_UNINITIALIZED_AUTOS = YES_AGGRESSIVE;
				GCC_WARN_UNUSED_FUNCTION = YES;
				GCC_WARN_UNUSED_VARIABLE = YES;
				IPHONEOS_DEPLOYMENT_TARGET = 7.1;
				SDKROOT = iphoneos;
				VALIDATE_PRODUCT = YES;
			};
			name = Release;
		};
		FED22F2D190E911200277079 /* Debug */ = {
			isa = XCBuildConfiguration;
			buildSettings = {
				ASSETCATALOG_COMPILER_APPICON_NAME = AppIcon;
				ASSETCATALOG_COMPILER_LAUNCHIMAGE_NAME = LaunchImage;
				GCC_PRECOMPILE_PREFIX_HEADER = YES;
				GCC_PREFIX_HEADER = "TingCheBao/TingCheBao-Prefix.pch";
				INFOPLIST_FILE = "TingCheBao/TingCheBao-Info.plist";
				PRODUCT_NAME = "$(TARGET_NAME)";
				WRAPPER_EXTENSION = app;
			};
			name = Debug;
		};
		FED22F2E190E911200277079 /* Release */ = {
			isa = XCBuildConfiguration;
			buildSettings = {
				ASSETCATALOG_COMPILER_APPICON_NAME = AppIcon;
				ASSETCATALOG_COMPILER_LAUNCHIMAGE_NAME = LaunchImage;
				GCC_PRECOMPILE_PREFIX_HEADER = YES;
				GCC_PREFIX_HEADER = "TingCheBao/TingCheBao-Prefix.pch";
				INFOPLIST_FILE = "TingCheBao/TingCheBao-Info.plist";
				PRODUCT_NAME = "$(TARGET_NAME)";
				WRAPPER_EXTENSION = app;
			};
			name = Release;
		};
		FED22F30190E911200277079 /* Debug */ = {
			isa = XCBuildConfiguration;
			buildSettings = {
				BUNDLE_LOADER = "$(BUILT_PRODUCTS_DIR)/TingCheBao.app/TingCheBao";
				FRAMEWORK_SEARCH_PATHS = (
					"$(SDKROOT)/Developer/Library/Frameworks",
					"$(inherited)",
					"$(DEVELOPER_FRAMEWORKS_DIR)",
				);
				GCC_PRECOMPILE_PREFIX_HEADER = YES;
				GCC_PREFIX_HEADER = "TingCheBao/TingCheBao-Prefix.pch";
				GCC_PREPROCESSOR_DEFINITIONS = (
					"DEBUG=1",
					"$(inherited)",
				);
				INFOPLIST_FILE = "TingCheBaoTests/TingCheBaoTests-Info.plist";
				PRODUCT_NAME = "$(TARGET_NAME)";
				TEST_HOST = "$(BUNDLE_LOADER)";
				WRAPPER_EXTENSION = xctest;
			};
			name = Debug;
		};
		FED22F31190E911200277079 /* Release */ = {
			isa = XCBuildConfiguration;
			buildSettings = {
				BUNDLE_LOADER = "$(BUILT_PRODUCTS_DIR)/TingCheBao.app/TingCheBao";
				FRAMEWORK_SEARCH_PATHS = (
					"$(SDKROOT)/Developer/Library/Frameworks",
					"$(inherited)",
					"$(DEVELOPER_FRAMEWORKS_DIR)",
				);
				GCC_PRECOMPILE_PREFIX_HEADER = YES;
				GCC_PREFIX_HEADER = "TingCheBao/TingCheBao-Prefix.pch";
				INFOPLIST_FILE = "TingCheBaoTests/TingCheBaoTests-Info.plist";
				PRODUCT_NAME = "$(TARGET_NAME)";
				TEST_HOST = "$(BUNDLE_LOADER)";
				WRAPPER_EXTENSION = xctest;
			};
			name = Release;
		};
/* End XCBuildConfiguration section */

/* Begin XCConfigurationList section */
		FED22EFB190E911200277079 /* Build configuration list for PBXProject "TingCheBao" */ = {
			isa = XCConfigurationList;
			buildConfigurations = (
				FED22F2A190E911200277079 /* Debug */,
				FED22F2B190E911200277079 /* Release */,
			);
			defaultConfigurationIsVisible = 0;
			defaultConfigurationName = Release;
		};
		FED22F2C190E911200277079 /* Build configuration list for PBXNativeTarget "TingCheBao" */ = {
			isa = XCConfigurationList;
			buildConfigurations = (
				FED22F2D190E911200277079 /* Debug */,
				FED22F2E190E911200277079 /* Release */,
			);
			defaultConfigurationIsVisible = 0;
		};
		FED22F2F190E911200277079 /* Build configuration list for PBXNativeTarget "TingCheBaoTests" */ = {
			isa = XCConfigurationList;
			buildConfigurations = (
				FED22F30190E911200277079 /* Debug */,
				FED22F31190E911200277079 /* Release */,
			);
			defaultConfigurationIsVisible = 0;
		};
/* End XCConfigurationList section */
	};
	rootObject = FED22EF8190E911200277079 /* Project object */;
}
