// !$*UTF8*$!
{
	archiveVersion = 1;
	classes = {
	};
	objectVersion = 46;
	objects = {

/* Begin PBXBuildFile section */
		FED22F04190E911200277079 /* Foundation.framework in Frameworks */ = {isa = PBXBuildFile; fileRef = FED22F03190E911200277079 /* Foundation.framework */; };
		FED22F06190E911200277079 /* CoreGraphics.framework in Frameworks */ = {isa = PBXBuildFile; fileRef = FED22F05190E911200277079 /* CoreGraphics.framework */; };
		FED22F08190E911200277079 /* UIKit.framework in Frameworks */ = {isa = PBXBuildFile; fileRef = FED22F07190E911200277079 /* UIKit.framework */; };
		FED22F0E190E911200277079 /* InfoPlist.strings in Resources */ = {isa = PBXBuildFile; fileRef = FED22F0C190E911200277079 /* InfoPlist.strings */; };
		FED22F10190E911200277079 /* main.m in Sources */ = {isa = PBXBuildFile; fileRef = FED22F0F190E911200277079 /* main.m */; };
		FED22F14190E911200277079 /* TAppDelegate.m in Sources */ = {isa = PBXBuildFile; fileRef = FED22F13190E911200277079 /* TAppDelegate.m */; };
		FED22F16190E911200277079 /* Images.xcassets in Resources */ = {isa = PBXBuildFile; fileRef = FED22F15190E911200277079 /* Images.xcassets */; };
		FED22F1D190E911200277079 /* XCTest.framework in Frameworks */ = {isa = PBXBuildFile; fileRef = FED22F1C190E911200277079 /* XCTest.framework */; };
		FED22F1E190E911200277079 /* Foundation.framework in Frameworks */ = {isa = PBXBuildFile; fileRef = FED22F03190E911200277079 /* Foundation.framework */; };
		FED22F1F190E911200277079 /* UIKit.framework in Frameworks */ = {isa = PBXBuildFile; fileRef = FED22F07190E911200277079 /* UIKit.framework */; };
		FED22F27190E911200277079 /* InfoPlist.strings in Resources */ = {isa = PBXBuildFile; fileRef = FED22F25190E911200277079 /* InfoPlist.strings */; };
		FED22F29190E911200277079 /* TingCheBaoTests.m in Sources */ = {isa = PBXBuildFile; fileRef = FED22F28190E911200277079 /* TingCheBaoTests.m */; };
		FED22F3A190E93E400277079 /* THomePageVC.m in Sources */ = {isa = PBXBuildFile; fileRef = FED22F39190E93E400277079 /* THomePageVC.m */; };
		FED22F3C190E940400277079 /* MainStoryboard.storyboard in Resources */ = {isa = PBXBuildFile; fileRef = FED22F3B190E940400277079 /* MainStoryboard.storyboard */; };
		FED22F3F190E963A00277079 /* TAboutVC.m in Sources */ = {isa = PBXBuildFile; fileRef = FED22F3E190E963A00277079 /* TAboutVC.m */; };
		FED22F42190E96C400277079 /* TCollectVC.m in Sources */ = {isa = PBXBuildFile; fileRef = FED22F41190E96C400277079 /* TCollectVC.m */; };
		FED22F45190E98B100277079 /* TFindParkingSpaceVC.m in Sources */ = {isa = PBXBuildFile; fileRef = FED22F44190E98B100277079 /* TFindParkingSpaceVC.m */; };
		FED22FF9190E9D3B00277079 /* libbaidumapapi.a in Frameworks */ = {isa = PBXBuildFile; fileRef = FED22FB7190E9D3B00277079 /* libbaidumapapi.a */; };
		FED22FFA190E9D3B00277079 /* libbaidumapapi.a in Frameworks */ = {isa = PBXBuildFile; fileRef = FED22FE3190E9D3B00277079 /* libbaidumapapi.a */; };
		FED22FFB190E9D3B00277079 /* mapapi.bundle in Resources */ = {isa = PBXBuildFile; fileRef = FED22FE4190E9D3B00277079 /* mapapi.bundle */; };
		FED22FFC190E9D3B00277079 /* readme.txt in Resources */ = {isa = PBXBuildFile; fileRef = FED22FE5190E9D3B00277079 /* readme.txt */; };
		FED22FFD190E9D3B00277079 /* baiduNaviSDK.bundle in Resources */ = {isa = PBXBuildFile; fileRef = FED22FE7190E9D3B00277079 /* baiduNaviSDK.bundle */; };
		FED22FFE190E9D3B00277079 /* libbaiduNaviSDK.a in Frameworks */ = {isa = PBXBuildFile; fileRef = FED22FF1190E9D3B00277079 /* libbaiduNaviSDK.a */; };
		FED22FFF190E9D3B00277079 /* readme.txt in Resources */ = {isa = PBXBuildFile; fileRef = FED22FF2190E9D3B00277079 /* readme.txt */; };
		FED23000190E9D3B00277079 /* BNaviSoundManager.m in Sources */ = {isa = PBXBuildFile; fileRef = FED22FF5190E9D3B00277079 /* BNaviSoundManager.m */; };
		FED23001190E9D3B00277079 /* BNTTSSDK.bundle in Resources */ = {isa = PBXBuildFile; fileRef = FED22FF7190E9D3B00277079 /* BNTTSSDK.bundle */; };
		FED23002190E9D3B00277079 /* libBNaviTTSManager.a in Frameworks */ = {isa = PBXBuildFile; fileRef = FED22FF8190E9D3B00277079 /* libBNaviTTSManager.a */; };
		FED23004190E9F5500277079 /* iflyMSC.framework in Frameworks */ = {isa = PBXBuildFile; fileRef = FED23003190E9F5500277079 /* iflyMSC.framework */; };
/* End PBXBuildFile section */

/* Begin PBXContainerItemProxy section */
		FED22F20190E911200277079 /* PBXContainerItemProxy */ = {
			isa = PBXContainerItemProxy;
			containerPortal = FED22EF8190E911200277079 /* Project object */;
			proxyType = 1;
			remoteGlobalIDString = FED22EFF190E911200277079;
			remoteInfo = TingCheBao;
		};
/* End PBXContainerItemProxy section */

/* Begin PBXFileReference section */
		FED22F00190E911200277079 /* TingCheBao.app */ = {isa = PBXFileReference; explicitFileType = wrapper.application; includeInIndex = 0; path = TingCheBao.app; sourceTree = BUILT_PRODUCTS_DIR; };
		FED22F03190E911200277079 /* Foundation.framework */ = {isa = PBXFileReference; lastKnownFileType = wrapper.framework; name = Foundation.framework; path = System/Library/Frameworks/Foundation.framework; sourceTree = SDKROOT; };
		FED22F05190E911200277079 /* CoreGraphics.framework */ = {isa = PBXFileReference; lastKnownFileType = wrapper.framework; name = CoreGraphics.framework; path = System/Library/Frameworks/CoreGraphics.framework; sourceTree = SDKROOT; };
		FED22F07190E911200277079 /* UIKit.framework */ = {isa = PBXFileReference; lastKnownFileType = wrapper.framework; name = UIKit.framework; path = System/Library/Frameworks/UIKit.framework; sourceTree = SDKROOT; };
		FED22F0B190E911200277079 /* TingCheBao-Info.plist */ = {isa = PBXFileReference; lastKnownFileType = text.plist.xml; path = "TingCheBao-Info.plist"; sourceTree = "<group>"; };
		FED22F0D190E911200277079 /* en */ = {isa = PBXFileReference; lastKnownFileType = text.plist.strings; name = en; path = en.lproj/InfoPlist.strings; sourceTree = "<group>"; };
		FED22F0F190E911200277079 /* main.m */ = {isa = PBXFileReference; lastKnownFileType = sourcecode.c.objc; path = main.m; sourceTree = "<group>"; };
		FED22F11190E911200277079 /* TingCheBao-Prefix.pch */ = {isa = PBXFileReference; lastKnownFileType = sourcecode.c.h; path = "TingCheBao-Prefix.pch"; sourceTree = "<group>"; };
		FED22F12190E911200277079 /* TAppDelegate.h */ = {isa = PBXFileReference; lastKnownFileType = sourcecode.c.h; path = TAppDelegate.h; sourceTree = "<group>"; };
		FED22F13190E911200277079 /* TAppDelegate.m */ = {isa = PBXFileReference; lastKnownFileType = sourcecode.c.objc; path = TAppDelegate.m; sourceTree = "<group>"; };
		FED22F15190E911200277079 /* Images.xcassets */ = {isa = PBXFileReference; lastKnownFileType = folder.assetcatalog; path = Images.xcassets; sourceTree = "<group>"; };
		FED22F1B190E911200277079 /* TingCheBaoTests.xctest */ = {isa = PBXFileReference; explicitFileType = wrapper.cfbundle; includeInIndex = 0; path = TingCheBaoTests.xctest; sourceTree = BUILT_PRODUCTS_DIR; };
		FED22F1C190E911200277079 /* XCTest.framework */ = {isa = PBXFileReference; lastKnownFileType = wrapper.framework; name = XCTest.framework; path = Library/Frameworks/XCTest.framework; sourceTree = DEVELOPER_DIR; };
		FED22F24190E911200277079 /* TingCheBaoTests-Info.plist */ = {isa = PBXFileReference; lastKnownFileType = text.plist.xml; path = "TingCheBaoTests-Info.plist"; sourceTree = "<group>"; };
		FED22F26190E911200277079 /* en */ = {isa = PBXFileReference; lastKnownFileType = text.plist.strings; name = en; path = en.lproj/InfoPlist.strings; sourceTree = "<group>"; };
		FED22F28190E911200277079 /* TingCheBaoTests.m */ = {isa = PBXFileReference; lastKnownFileType = sourcecode.c.objc; path = TingCheBaoTests.m; sourceTree = "<group>"; };
		FED22F38190E93E400277079 /* THomePageVC.h */ = {isa = PBXFileReference; fileEncoding = 4; lastKnownFileType = sourcecode.c.h; path = THomePageVC.h; sourceTree = "<group>"; };
		FED22F39190E93E400277079 /* THomePageVC.m */ = {isa = PBXFileReference; fileEncoding = 4; lastKnownFileType = sourcecode.c.objc; path = THomePageVC.m; sourceTree = "<group>"; };
		FED22F3B190E940400277079 /* MainStoryboard.storyboard */ = {isa = PBXFileReference; fileEncoding = 4; lastKnownFileType = file.storyboard; path = MainStoryboard.storyboard; sourceTree = "<group>"; };
		FED22F3D190E963A00277079 /* TAboutVC.h */ = {isa = PBXFileReference; fileEncoding = 4; lastKnownFileType = sourcecode.c.h; path = TAboutVC.h; sourceTree = "<group>"; };
		FED22F3E190E963A00277079 /* TAboutVC.m */ = {isa = PBXFileReference; fileEncoding = 4; lastKnownFileType = sourcecode.c.objc; path = TAboutVC.m; sourceTree = "<group>"; };
		FED22F40190E96C400277079 /* TCollectVC.h */ = {isa = PBXFileReference; fileEncoding = 4; lastKnownFileType = sourcecode.c.h; path = TCollectVC.h; sourceTree = "<group>"; };
		FED22F41190E96C400277079 /* TCollectVC.m */ = {isa = PBXFileReference; fileEncoding = 4; lastKnownFileType = sourcecode.c.objc; path = TCollectVC.m; sourceTree = "<group>"; };
		FED22F43190E98B100277079 /* TFindParkingSpaceVC.h */ = {isa = PBXFileReference; fileEncoding = 4; lastKnownFileType = sourcecode.c.h; path = TFindParkingSpaceVC.h; sourceTree = "<group>"; };
		FED22F44190E98B100277079 /* TFindParkingSpaceVC.m */ = {isa = PBXFileReference; fileEncoding = 4; lastKnownFileType = sourcecode.c.objc; path = TFindParkingSpaceVC.m; sourceTree = "<group>"; };
		FED22F62190E9D3A00277079 /* BMapKit.h */ = {isa = PBXFileReference; fileEncoding = 4; lastKnownFileType = sourcecode.c.h; path = BMapKit.h; sourceTree = "<group>"; };
		FED22F63190E9D3A00277079 /* BMKActionPaopaoView.h */ = {isa = PBXFileReference; fileEncoding = 4; lastKnownFileType = sourcecode.c.h; path = BMKActionPaopaoView.h; sourceTree = "<group>"; };
		FED22F64190E9D3A00277079 /* BMKAnnotation.h */ = {isa = PBXFileReference; fileEncoding = 4; lastKnownFileType = sourcecode.c.h; path = BMKAnnotation.h; sourceTree = "<group>"; };
		FED22F65190E9D3A00277079 /* BMKAnnotationView.h */ = {isa = PBXFileReference; fileEncoding = 4; lastKnownFileType = sourcecode.c.h; path = BMKAnnotationView.h; sourceTree = "<group>"; };
		FED22F66190E9D3A00277079 /* BMKArcline.h */ = {isa = PBXFileReference; fileEncoding = 4; lastKnownFileType = sourcecode.c.h; path = BMKArcline.h; sourceTree = "<group>"; };
		FED22F67190E9D3A00277079 /* BMKArclineView.h */ = {isa = PBXFileReference; fileEncoding = 4; lastKnownFileType = sourcecode.c.h; path = BMKArclineView.h; sourceTree = "<group>"; };
		FED22F68190E9D3A00277079 /* BMKCircle.h */ = {isa = PBXFileReference; fileEncoding = 4; lastKnownFileType = sourcecode.c.h; path = BMKCircle.h; sourceTree = "<group>"; };
		FED22F69190E9D3A00277079 /* BMKCircleView.h */ = {isa = PBXFileReference; fileEncoding = 4; lastKnownFileType = sourcecode.c.h; path = BMKCircleView.h; sourceTree = "<group>"; };
		FED22F6A190E9D3A00277079 /* BMKCloudPOIList.h */ = {isa = PBXFileReference; fileEncoding = 4; lastKnownFileType = sourcecode.c.h; path = BMKCloudPOIList.h; sourceTree = "<group>"; };
		FED22F6B190E9D3A00277079 /* BMKCloudSearch.h */ = {isa = PBXFileReference; fileEncoding = 4; lastKnownFileType = sourcecode.c.h; path = BMKCloudSearch.h; sourceTree = "<group>"; };
		FED22F6C190E9D3A00277079 /* BMKCloudSearchInfo.h */ = {isa = PBXFileReference; fileEncoding = 4; lastKnownFileType = sourcecode.c.h; path = BMKCloudSearchInfo.h; sourceTree = "<group>"; };
		FED22F6D190E9D3A00277079 /* BMKGeneralDelegate.h */ = {isa = PBXFileReference; fileEncoding = 4; lastKnownFileType = sourcecode.c.h; path = BMKGeneralDelegate.h; sourceTree = "<group>"; };
		FED22F6E190E9D3A00277079 /* BMKGeocodeType.h */ = {isa = PBXFileReference; fileEncoding = 4; lastKnownFileType = sourcecode.c.h; path = BMKGeocodeType.h; sourceTree = "<group>"; };
		FED22F6F190E9D3A00277079 /* BMKGeometry.h */ = {isa = PBXFileReference; fileEncoding = 4; lastKnownFileType = sourcecode.c.h; path = BMKGeometry.h; sourceTree = "<group>"; };
		FED22F70190E9D3A00277079 /* BMKGroundOverlay.h */ = {isa = PBXFileReference; fileEncoding = 4; lastKnownFileType = sourcecode.c.h; path = BMKGroundOverlay.h; sourceTree = "<group>"; };
		FED22F71190E9D3A00277079 /* BMKGroundOverlayView.h */ = {isa = PBXFileReference; fileEncoding = 4; lastKnownFileType = sourcecode.c.h; path = BMKGroundOverlayView.h; sourceTree = "<group>"; };
		FED22F72190E9D3A00277079 /* BMKLocationViewDisplayParam.h */ = {isa = PBXFileReference; fileEncoding = 4; lastKnownFileType = sourcecode.c.h; path = BMKLocationViewDisplayParam.h; sourceTree = "<group>"; };
		FED22F73190E9D3A00277079 /* BMKMapManager.h */ = {isa = PBXFileReference; fileEncoding = 4; lastKnownFileType = sourcecode.c.h; path = BMKMapManager.h; sourceTree = "<group>"; };
		FED22F74190E9D3A00277079 /* BMKMapStatus.h */ = {isa = PBXFileReference; fileEncoding = 4; lastKnownFileType = sourcecode.c.h; path = BMKMapStatus.h; sourceTree = "<group>"; };
		FED22F75190E9D3A00277079 /* BMKMapView.h */ = {isa = PBXFileReference; fileEncoding = 4; lastKnownFileType = sourcecode.c.h; path = BMKMapView.h; sourceTree = "<group>"; };
		FED22F76190E9D3A00277079 /* BMKMultiPoint.h */ = {isa = PBXFileReference; fileEncoding = 4; lastKnownFileType = sourcecode.c.h; path = BMKMultiPoint.h; sourceTree = "<group>"; };
		FED22F77190E9D3A00277079 /* BMKNavigation.h */ = {isa = PBXFileReference; fileEncoding = 4; lastKnownFileType = sourcecode.c.h; path = BMKNavigation.h; sourceTree = "<group>"; };
		FED22F78190E9D3A00277079 /* BMKOfflineMap.h */ = {isa = PBXFileReference; fileEncoding = 4; lastKnownFileType = sourcecode.c.h; path = BMKOfflineMap.h; sourceTree = "<group>"; };
		FED22F79190E9D3A00277079 /* BMKOfflineMapType.h */ = {isa = PBXFileReference; fileEncoding = 4; lastKnownFileType = sourcecode.c.h; path = BMKOfflineMapType.h; sourceTree = "<group>"; };
		FED22F7A190E9D3A00277079 /* BMKOverlay.h */ = {isa = PBXFileReference; fileEncoding = 4; lastKnownFileType = sourcecode.c.h; path = BMKOverlay.h; sourceTree = "<group>"; };
		FED22F7B190E9D3A00277079 /* BMKOverlayGLBasicView.h */ = {isa = PBXFileReference; fileEncoding = 4; lastKnownFileType = sourcecode.c.h; path = BMKOverlayGLBasicView.h; sourceTree = "<group>"; };
		FED22F7C190E9D3A00277079 /* BMKOverlayPathView.h */ = {isa = PBXFileReference; fileEncoding = 4; lastKnownFileType = sourcecode.c.h; path = BMKOverlayPathView.h; sourceTree = "<group>"; };
		FED22F7D190E9D3A00277079 /* BMKOverlayView.h */ = {isa = PBXFileReference; fileEncoding = 4; lastKnownFileType = sourcecode.c.h; path = BMKOverlayView.h; sourceTree = "<group>"; };
		FED22F7E190E9D3A00277079 /* BMKPinAnnotationView.h */ = {isa = PBXFileReference; fileEncoding = 4; lastKnownFileType = sourcecode.c.h; path = BMKPinAnnotationView.h; sourceTree = "<group>"; };
		FED22F7F190E9D3A00277079 /* BMKPointAnnotation.h */ = {isa = PBXFileReference; fileEncoding = 4; lastKnownFileType = sourcecode.c.h; path = BMKPointAnnotation.h; sourceTree = "<group>"; };
		FED22F80190E9D3A00277079 /* BMKPoiSearchType.h */ = {isa = PBXFileReference; fileEncoding = 4; lastKnownFileType = sourcecode.c.h; path = BMKPoiSearchType.h; sourceTree = "<group>"; };
		FED22F81190E9D3A00277079 /* BMKPolygon.h */ = {isa = PBXFileReference; fileEncoding = 4; lastKnownFileType = sourcecode.c.h; path = BMKPolygon.h; sourceTree = "<group>"; };
		FED22F82190E9D3A00277079 /* BMKPolygonView.h */ = {isa = PBXFileReference; fileEncoding = 4; lastKnownFileType = sourcecode.c.h; path = BMKPolygonView.h; sourceTree = "<group>"; };
		FED22F83190E9D3A00277079 /* BMKPolyline.h */ = {isa = PBXFileReference; fileEncoding = 4; lastKnownFileType = sourcecode.c.h; path = BMKPolyline.h; sourceTree = "<group>"; };
		FED22F84190E9D3A00277079 /* BMKPolylineView.h */ = {isa = PBXFileReference; fileEncoding = 4; lastKnownFileType = sourcecode.c.h; path = BMKPolylineView.h; sourceTree = "<group>"; };
		FED22F85190E9D3A00277079 /* BMKRouteSearchType.h */ = {isa = PBXFileReference; fileEncoding = 4; lastKnownFileType = sourcecode.c.h; path = BMKRouteSearchType.h; sourceTree = "<group>"; };
		FED22F86190E9D3A00277079 /* BMKSearch.h */ = {isa = PBXFileReference; fileEncoding = 4; lastKnownFileType = sourcecode.c.h; path = BMKSearch.h; sourceTree = "<group>"; };
		FED22F87190E9D3A00277079 /* BMKShape.h */ = {isa = PBXFileReference; fileEncoding = 4; lastKnownFileType = sourcecode.c.h; path = BMKShape.h; sourceTree = "<group>"; };
		FED22F88190E9D3A00277079 /* BMKTypes.h */ = {isa = PBXFileReference; fileEncoding = 4; lastKnownFileType = sourcecode.c.h; path = BMKTypes.h; sourceTree = "<group>"; };
		FED22F89190E9D3A00277079 /* BMKUserLocation.h */ = {isa = PBXFileReference; fileEncoding = 4; lastKnownFileType = sourcecode.c.h; path = BMKUserLocation.h; sourceTree = "<group>"; };
		FED22F8A190E9D3A00277079 /* BMKVersion.h */ = {isa = PBXFileReference; fileEncoding = 4; lastKnownFileType = sourcecode.c.h; path = BMKVersion.h; sourceTree = "<group>"; };
		FED22F8E190E9D3A00277079 /* BMapKit.h */ = {isa = PBXFileReference; fileEncoding = 4; lastKnownFileType = sourcecode.c.h; path = BMapKit.h; sourceTree = "<group>"; };
		FED22F8F190E9D3A00277079 /* BMKActionPaopaoView.h */ = {isa = PBXFileReference; fileEncoding = 4; lastKnownFileType = sourcecode.c.h; path = BMKActionPaopaoView.h; sourceTree = "<group>"; };
		FED22F90190E9D3A00277079 /* BMKAnnotation.h */ = {isa = PBXFileReference; fileEncoding = 4; lastKnownFileType = sourcecode.c.h; path = BMKAnnotation.h; sourceTree = "<group>"; };
		FED22F91190E9D3A00277079 /* BMKAnnotationView.h */ = {isa = PBXFileReference; fileEncoding = 4; lastKnownFileType = sourcecode.c.h; path = BMKAnnotationView.h; sourceTree = "<group>"; };
		FED22F92190E9D3A00277079 /* BMKArcline.h */ = {isa = PBXFileReference; fileEncoding = 4; lastKnownFileType = sourcecode.c.h; path = BMKArcline.h; sourceTree = "<group>"; };
		FED22F93190E9D3A00277079 /* BMKArclineView.h */ = {isa = PBXFileReference; fileEncoding = 4; lastKnownFileType = sourcecode.c.h; path = BMKArclineView.h; sourceTree = "<group>"; };
		FED22F94190E9D3A00277079 /* BMKCircle.h */ = {isa = PBXFileReference; fileEncoding = 4; lastKnownFileType = sourcecode.c.h; path = BMKCircle.h; sourceTree = "<group>"; };
		FED22F95190E9D3A00277079 /* BMKCircleView.h */ = {isa = PBXFileReference; fileEncoding = 4; lastKnownFileType = sourcecode.c.h; path = BMKCircleView.h; sourceTree = "<group>"; };
		FED22F96190E9D3A00277079 /* BMKCloudPOIList.h */ = {isa = PBXFileReference; fileEncoding = 4; lastKnownFileType = sourcecode.c.h; path = BMKCloudPOIList.h; sourceTree = "<group>"; };
		FED22F97190E9D3A00277079 /* BMKCloudSearch.h */ = {isa = PBXFileReference; fileEncoding = 4; lastKnownFileType = sourcecode.c.h; path = BMKCloudSearch.h; sourceTree = "<group>"; };
		FED22F98190E9D3A00277079 /* BMKCloudSearchInfo.h */ = {isa = PBXFileReference; fileEncoding = 4; lastKnownFileType = sourcecode.c.h; path = BMKCloudSearchInfo.h; sourceTree = "<group>"; };
		FED22F99190E9D3A00277079 /* BMKGeneralDelegate.h */ = {isa = PBXFileReference; fileEncoding = 4; lastKnownFileType = sourcecode.c.h; path = BMKGeneralDelegate.h; sourceTree = "<group>"; };
		FED22F9A190E9D3A00277079 /* BMKGeocodeType.h */ = {isa = PBXFileReference; fileEncoding = 4; lastKnownFileType = sourcecode.c.h; path = BMKGeocodeType.h; sourceTree = "<group>"; };
		FED22F9B190E9D3A00277079 /* BMKGeometry.h */ = {isa = PBXFileReference; fileEncoding = 4; lastKnownFileType = sourcecode.c.h; path = BMKGeometry.h; sourceTree = "<group>"; };
		FED22F9C190E9D3A00277079 /* BMKGroundOverlay.h */ = {isa = PBXFileReference; fileEncoding = 4; lastKnownFileType = sourcecode.c.h; path = BMKGroundOverlay.h; sourceTree = "<group>"; };
		FED22F9D190E9D3A00277079 /* BMKGroundOverlayView.h */ = {isa = PBXFileReference; fileEncoding = 4; lastKnownFileType = sourcecode.c.h; path = BMKGroundOverlayView.h; sourceTree = "<group>"; };
		FED22F9E190E9D3A00277079 /* BMKLocationViewDisplayParam.h */ = {isa = PBXFileReference; fileEncoding = 4; lastKnownFileType = sourcecode.c.h; path = BMKLocationViewDisplayParam.h; sourceTree = "<group>"; };
		FED22F9F190E9D3A00277079 /* BMKMapManager.h */ = {isa = PBXFileReference; fileEncoding = 4; lastKnownFileType = sourcecode.c.h; path = BMKMapManager.h; sourceTree = "<group>"; };
		FED22FA0190E9D3A00277079 /* BMKMapStatus.h */ = {isa = PBXFileReference; fileEncoding = 4; lastKnownFileType = sourcecode.c.h; path = BMKMapStatus.h; sourceTree = "<group>"; };
		FED22FA1190E9D3A00277079 /* BMKMapView.h */ = {isa = PBXFileReference; fileEncoding = 4; lastKnownFileType = sourcecode.c.h; path = BMKMapView.h; sourceTree = "<group>"; };
		FED22FA2190E9D3A00277079 /* BMKMultiPoint.h */ = {isa = PBXFileReference; fileEncoding = 4; lastKnownFileType = sourcecode.c.h; path = BMKMultiPoint.h; sourceTree = "<group>"; };
		FED22FA3190E9D3A00277079 /* BMKNavigation.h */ = {isa = PBXFileReference; fileEncoding = 4; lastKnownFileType = sourcecode.c.h; path = BMKNavigation.h; sourceTree = "<group>"; };
		FED22FA4190E9D3A00277079 /* BMKOfflineMap.h */ = {isa = PBXFileReference; fileEncoding = 4; lastKnownFileType = sourcecode.c.h; path = BMKOfflineMap.h; sourceTree = "<group>"; };
		FED22FA5190E9D3A00277079 /* BMKOfflineMapType.h */ = {isa = PBXFileReference; fileEncoding = 4; lastKnownFileType = sourcecode.c.h; path = BMKOfflineMapType.h; sourceTree = "<group>"; };
		FED22FA6190E9D3A00277079 /* BMKOverlay.h */ = {isa = PBXFileReference; fileEncoding = 4; lastKnownFileType = sourcecode.c.h; path = BMKOverlay.h; sourceTree = "<group>"; };
		FED22FA7190E9D3A00277079 /* BMKOverlayGLBasicView.h */ = {isa = PBXFileReference; fileEncoding = 4; lastKnownFileType = sourcecode.c.h; path = BMKOverlayGLBasicView.h; sourceTree = "<group>"; };
		FED22FA8190E9D3A00277079 /* BMKOverlayPathView.h */ = {isa = PBXFileReference; fileEncoding = 4; lastKnownFileType = sourcecode.c.h; path = BMKOverlayPathView.h; sourceTree = "<group>"; };
		FED22FA9190E9D3A00277079 /* BMKOverlayView.h */ = {isa = PBXFileReference; fileEncoding = 4; lastKnownFileType = sourcecode.c.h; path = BMKOverlayView.h; sourceTree = "<group>"; };
		FED22FAA190E9D3A00277079 /* BMKPinAnnotationView.h */ = {isa = PBXFileReference; fileEncoding = 4; lastKnownFileType = sourcecode.c.h; path = BMKPinAnnotationView.h; sourceTree = "<group>"; };
		FED22FAB190E9D3A00277079 /* BMKPointAnnotation.h */ = {isa = PBXFileReference; fileEncoding = 4; lastKnownFileType = sourcecode.c.h; path = BMKPointAnnotation.h; sourceTree = "<group>"; };
		FED22FAC190E9D3A00277079 /* BMKPoiSearchType.h */ = {isa = PBXFileReference; fileEncoding = 4; lastKnownFileType = sourcecode.c.h; path = BMKPoiSearchType.h; sourceTree = "<group>"; };
		FED22FAD190E9D3A00277079 /* BMKPolygon.h */ = {isa = PBXFileReference; fileEncoding = 4; lastKnownFileType = sourcecode.c.h; path = BMKPolygon.h; sourceTree = "<group>"; };
		FED22FAE190E9D3A00277079 /* BMKPolygonView.h */ = {isa = PBXFileReference; fileEncoding = 4; lastKnownFileType = sourcecode.c.h; path = BMKPolygonView.h; sourceTree = "<group>"; };
		FED22FAF190E9D3B00277079 /* BMKPolyline.h */ = {isa = PBXFileReference; fileEncoding = 4; lastKnownFileType = sourcecode.c.h; path = BMKPolyline.h; sourceTree = "<group>"; };
		FED22FB0190E9D3B00277079 /* BMKPolylineView.h */ = {isa = PBXFileReference; fileEncoding = 4; lastKnownFileType = sourcecode.c.h; path = BMKPolylineView.h; sourceTree = "<group>"; };
		FED22FB1190E9D3B00277079 /* BMKRouteSearchType.h */ = {isa = PBXFileReference; fileEncoding = 4; lastKnownFileType = sourcecode.c.h; path = BMKRouteSearchType.h; sourceTree = "<group>"; };
		FED22FB2190E9D3B00277079 /* BMKSearch.h */ = {isa = PBXFileReference; fileEncoding = 4; lastKnownFileType = sourcecode.c.h; path = BMKSearch.h; sourceTree = "<group>"; };
		FED22FB3190E9D3B00277079 /* BMKShape.h */ = {isa = PBXFileReference; fileEncoding = 4; lastKnownFileType = sourcecode.c.h; path = BMKShape.h; sourceTree = "<group>"; };
		FED22FB4190E9D3B00277079 /* BMKTypes.h */ = {isa = PBXFileReference; fileEncoding = 4; lastKnownFileType = sourcecode.c.h; path = BMKTypes.h; sourceTree = "<group>"; };
		FED22FB5190E9D3B00277079 /* BMKUserLocation.h */ = {isa = PBXFileReference; fileEncoding = 4; lastKnownFileType = sourcecode.c.h; path = BMKUserLocation.h; sourceTree = "<group>"; };
		FED22FB6190E9D3B00277079 /* BMKVersion.h */ = {isa = PBXFileReference; fileEncoding = 4; lastKnownFileType = sourcecode.c.h; path = BMKVersion.h; sourceTree = "<group>"; };
		FED22FB7190E9D3B00277079 /* libbaidumapapi.a */ = {isa = PBXFileReference; lastKnownFileType = archive.ar; path = libbaidumapapi.a; sourceTree = "<group>"; };
		FED22FBA190E9D3B00277079 /* BMapKit.h */ = {isa = PBXFileReference; fileEncoding = 4; lastKnownFileType = sourcecode.c.h; path = BMapKit.h; sourceTree = "<group>"; };
		FED22FBB190E9D3B00277079 /* BMKActionPaopaoView.h */ = {isa = PBXFileReference; fileEncoding = 4; lastKnownFileType = sourcecode.c.h; path = BMKActionPaopaoView.h; sourceTree = "<group>"; };
		FED22FBC190E9D3B00277079 /* BMKAnnotation.h */ = {isa = PBXFileReference; fileEncoding = 4; lastKnownFileType = sourcecode.c.h; path = BMKAnnotation.h; sourceTree = "<group>"; };
		FED22FBD190E9D3B00277079 /* BMKAnnotationView.h */ = {isa = PBXFileReference; fileEncoding = 4; lastKnownFileType = sourcecode.c.h; path = BMKAnnotationView.h; sourceTree = "<group>"; };
		FED22FBE190E9D3B00277079 /* BMKArcline.h */ = {isa = PBXFileReference; fileEncoding = 4; lastKnownFileType = sourcecode.c.h; path = BMKArcline.h; sourceTree = "<group>"; };
		FED22FBF190E9D3B00277079 /* BMKArclineView.h */ = {isa = PBXFileReference; fileEncoding = 4; lastKnownFileType = sourcecode.c.h; path = BMKArclineView.h; sourceTree = "<group>"; };
		FED22FC0190E9D3B00277079 /* BMKCircle.h */ = {isa = PBXFileReference; fileEncoding = 4; lastKnownFileType = sourcecode.c.h; path = BMKCircle.h; sourceTree = "<group>"; };
		FED22FC1190E9D3B00277079 /* BMKCircleView.h */ = {isa = PBXFileReference; fileEncoding = 4; lastKnownFileType = sourcecode.c.h; path = BMKCircleView.h; sourceTree = "<group>"; };
		FED22FC2190E9D3B00277079 /* BMKCloudPOIList.h */ = {isa = PBXFileReference; fileEncoding = 4; lastKnownFileType = sourcecode.c.h; path = BMKCloudPOIList.h; sourceTree = "<group>"; };
		FED22FC3190E9D3B00277079 /* BMKCloudSearch.h */ = {isa = PBXFileReference; fileEncoding = 4; lastKnownFileType = sourcecode.c.h; path = BMKCloudSearch.h; sourceTree = "<group>"; };
		FED22FC4190E9D3B00277079 /* BMKCloudSearchInfo.h */ = {isa = PBXFileReference; fileEncoding = 4; lastKnownFileType = sourcecode.c.h; path = BMKCloudSearchInfo.h; sourceTree = "<group>"; };
		FED22FC5190E9D3B00277079 /* BMKGeneralDelegate.h */ = {isa = PBXFileReference; fileEncoding = 4; lastKnownFileType = sourcecode.c.h; path = BMKGeneralDelegate.h; sourceTree = "<group>"; };
		FED22FC6190E9D3B00277079 /* BMKGeocodeType.h */ = {isa = PBXFileReference; fileEncoding = 4; lastKnownFileType = sourcecode.c.h; path = BMKGeocodeType.h; sourceTree = "<group>"; };
		FED22FC7190E9D3B00277079 /* BMKGeometry.h */ = {isa = PBXFileReference; fileEncoding = 4; lastKnownFileType = sourcecode.c.h; path = BMKGeometry.h; sourceTree = "<group>"; };
		FED22FC8190E9D3B00277079 /* BMKGroundOverlay.h */ = {isa = PBXFileReference; fileEncoding = 4; lastKnownFileType = sourcecode.c.h; path = BMKGroundOverlay.h; sourceTree = "<group>"; };
		FED22FC9190E9D3B00277079 /* BMKGroundOverlayView.h */ = {isa = PBXFileReference; fileEncoding = 4; lastKnownFileType = sourcecode.c.h; path = BMKGroundOverlayView.h; sourceTree = "<group>"; };
		FED22FCA190E9D3B00277079 /* BMKLocationViewDisplayParam.h */ = {isa = PBXFileReference; fileEncoding = 4; lastKnownFileType = sourcecode.c.h; path = BMKLocationViewDisplayParam.h; sourceTree = "<group>"; };
		FED22FCB190E9D3B00277079 /* BMKMapManager.h */ = {isa = PBXFileReference; fileEncoding = 4; lastKnownFileType = sourcecode.c.h; path = BMKMapManager.h; sourceTree = "<group>"; };
		FED22FCC190E9D3B00277079 /* BMKMapStatus.h */ = {isa = PBXFileReference; fileEncoding = 4; lastKnownFileType = sourcecode.c.h; path = BMKMapStatus.h; sourceTree = "<group>"; };
		FED22FCD190E9D3B00277079 /* BMKMapView.h */ = {isa = PBXFileReference; fileEncoding = 4; lastKnownFileType = sourcecode.c.h; path = BMKMapView.h; sourceTree = "<group>"; };
		FED22FCE190E9D3B00277079 /* BMKMultiPoint.h */ = {isa = PBXFileReference; fileEncoding = 4; lastKnownFileType = sourcecode.c.h; path = BMKMultiPoint.h; sourceTree = "<group>"; };
		FED22FCF190E9D3B00277079 /* BMKNavigation.h */ = {isa = PBXFileReference; fileEncoding = 4; lastKnownFileType = sourcecode.c.h; path = BMKNavigation.h; sourceTree = "<group>"; };
		FED22FD0190E9D3B00277079 /* BMKOfflineMap.h */ = {isa = PBXFileReference; fileEncoding = 4; lastKnownFileType = sourcecode.c.h; path = BMKOfflineMap.h; sourceTree = "<group>"; };
		FED22FD1190E9D3B00277079 /* BMKOfflineMapType.h */ = {isa = PBXFileReference; fileEncoding = 4; lastKnownFileType = sourcecode.c.h; path = BMKOfflineMapType.h; sourceTree = "<group>"; };
		FED22FD2190E9D3B00277079 /* BMKOverlay.h */ = {isa = PBXFileReference; fileEncoding = 4; lastKnownFileType = sourcecode.c.h; path = BMKOverlay.h; sourceTree = "<group>"; };
		FED22FD3190E9D3B00277079 /* BMKOverlayGLBasicView.h */ = {isa = PBXFileReference; fileEncoding = 4; lastKnownFileType = sourcecode.c.h; path = BMKOverlayGLBasicView.h; sourceTree = "<group>"; };
		FED22FD4190E9D3B00277079 /* BMKOverlayPathView.h */ = {isa = PBXFileReference; fileEncoding = 4; lastKnownFileType = sourcecode.c.h; path = BMKOverlayPathView.h; sourceTree = "<group>"; };
		FED22FD5190E9D3B00277079 /* BMKOverlayView.h */ = {isa = PBXFileReference; fileEncoding = 4; lastKnownFileType = sourcecode.c.h; path = BMKOverlayView.h; sourceTree = "<group>"; };
		FED22FD6190E9D3B00277079 /* BMKPinAnnotationView.h */ = {isa = PBXFileReference; fileEncoding = 4; lastKnownFileType = sourcecode.c.h; path = BMKPinAnnotationView.h; sourceTree = "<group>"; };
		FED22FD7190E9D3B00277079 /* BMKPointAnnotation.h */ = {isa = PBXFileReference; fileEncoding = 4; lastKnownFileType = sourcecode.c.h; path = BMKPointAnnotation.h; sourceTree = "<group>"; };
		FED22FD8190E9D3B00277079 /* BMKPoiSearchType.h */ = {isa = PBXFileReference; fileEncoding = 4; lastKnownFileType = sourcecode.c.h; path = BMKPoiSearchType.h; sourceTree = "<group>"; };
		FED22FD9190E9D3B00277079 /* BMKPolygon.h */ = {isa = PBXFileReference; fileEncoding = 4; lastKnownFileType = sourcecode.c.h; path = BMKPolygon.h; sourceTree = "<group>"; };
		FED22FDA190E9D3B00277079 /* BMKPolygonView.h */ = {isa = PBXFileReference; fileEncoding = 4; lastKnownFileType = sourcecode.c.h; path = BMKPolygonView.h; sourceTree = "<group>"; };
		FED22FDB190E9D3B00277079 /* BMKPolyline.h */ = {isa = PBXFileReference; fileEncoding = 4; lastKnownFileType = sourcecode.c.h; path = BMKPolyline.h; sourceTree = "<group>"; };
		FED22FDC190E9D3B00277079 /* BMKPolylineView.h */ = {isa = PBXFileReference; fileEncoding = 4; lastKnownFileType = sourcecode.c.h; path = BMKPolylineView.h; sourceTree = "<group>"; };
		FED22FDD190E9D3B00277079 /* BMKRouteSearchType.h */ = {isa = PBXFileReference; fileEncoding = 4; lastKnownFileType = sourcecode.c.h; path = BMKRouteSearchType.h; sourceTree = "<group>"; };
		FED22FDE190E9D3B00277079 /* BMKSearch.h */ = {isa = PBXFileReference; fileEncoding = 4; lastKnownFileType = sourcecode.c.h; path = BMKSearch.h; sourceTree = "<group>"; };
		FED22FDF190E9D3B00277079 /* BMKShape.h */ = {isa = PBXFileReference; fileEncoding = 4; lastKnownFileType = sourcecode.c.h; path = BMKShape.h; sourceTree = "<group>"; };
		FED22FE0190E9D3B00277079 /* BMKTypes.h */ = {isa = PBXFileReference; fileEncoding = 4; lastKnownFileType = sourcecode.c.h; path = BMKTypes.h; sourceTree = "<group>"; };
		FED22FE1190E9D3B00277079 /* BMKUserLocation.h */ = {isa = PBXFileReference; fileEncoding = 4; lastKnownFileType = sourcecode.c.h; path = BMKUserLocation.h; sourceTree = "<group>"; };
		FED22FE2190E9D3B00277079 /* BMKVersion.h */ = {isa = PBXFileReference; fileEncoding = 4; lastKnownFileType = sourcecode.c.h; path = BMKVersion.h; sourceTree = "<group>"; };
		FED22FE3190E9D3B00277079 /* libbaidumapapi.a */ = {isa = PBXFileReference; lastKnownFileType = archive.ar; path = libbaidumapapi.a; sourceTree = "<group>"; };
		FED22FE4190E9D3B00277079 /* mapapi.bundle */ = {isa = PBXFileReference; lastKnownFileType = "wrapper.plug-in"; path = mapapi.bundle; sourceTree = "<group>"; };
		FED22FE5190E9D3B00277079 /* readme.txt */ = {isa = PBXFileReference; fileEncoding = 4; lastKnownFileType = text; path = readme.txt; sourceTree = "<group>"; };
		FED22FE7190E9D3B00277079 /* baiduNaviSDK.bundle */ = {isa = PBXFileReference; lastKnownFileType = "wrapper.plug-in"; path = baiduNaviSDK.bundle; sourceTree = "<group>"; };
		FED22FE9190E9D3B00277079 /* BNCommonDef.h */ = {isa = PBXFileReference; fileEncoding = 4; lastKnownFileType = sourcecode.c.h; path = BNCommonDef.h; sourceTree = "<group>"; };
		FED22FEA190E9D3B00277079 /* BNCoreServices.h */ = {isa = PBXFileReference; fileEncoding = 4; lastKnownFileType = sourcecode.c.h; path = BNCoreServices.h; sourceTree = "<group>"; };
		FED22FEB190E9D3B00277079 /* BNRoutePlanManagerProtocol.h */ = {isa = PBXFileReference; fileEncoding = 4; lastKnownFileType = sourcecode.c.h; path = BNRoutePlanManagerProtocol.h; sourceTree = "<group>"; };
		FED22FEC190E9D3B00277079 /* BNRoutePlanModel.h */ = {isa = PBXFileReference; fileEncoding = 4; lastKnownFileType = sourcecode.c.h; path = BNRoutePlanModel.h; sourceTree = "<group>"; };
		FED22FED190E9D3B00277079 /* BNSoundManagerProtocol.h */ = {isa = PBXFileReference; fileEncoding = 4; lastKnownFileType = sourcecode.c.h; path = BNSoundManagerProtocol.h; sourceTree = "<group>"; };
		FED22FEE190E9D3B00277079 /* BNTools.h */ = {isa = PBXFileReference; fileEncoding = 4; lastKnownFileType = sourcecode.c.h; path = BNTools.h; sourceTree = "<group>"; };
		FED22FEF190E9D3B00277079 /* BNUIManagerProtocol.h */ = {isa = PBXFileReference; fileEncoding = 4; lastKnownFileType = sourcecode.c.h; path = BNUIManagerProtocol.h; sourceTree = "<group>"; };
		FED22FF1190E9D3B00277079 /* libbaiduNaviSDK.a */ = {isa = PBXFileReference; lastKnownFileType = archive.ar; path = libbaiduNaviSDK.a; sourceTree = "<group>"; };
		FED22FF2190E9D3B00277079 /* readme.txt */ = {isa = PBXFileReference; fileEncoding = 4; lastKnownFileType = text; path = readme.txt; sourceTree = "<group>"; };
		FED22FF4190E9D3B00277079 /* BNaviSoundManager.h */ = {isa = PBXFileReference; fileEncoding = 4; lastKnownFileType = sourcecode.c.h; path = BNaviSoundManager.h; sourceTree = "<group>"; };
		FED22FF5190E9D3B00277079 /* BNaviSoundManager.m */ = {isa = PBXFileReference; fileEncoding = 4; lastKnownFileType = sourcecode.c.objc; path = BNaviSoundManager.m; sourceTree = "<group>"; };
		FED22FF6190E9D3B00277079 /* BNaviTTSManager.h */ = {isa = PBXFileReference; fileEncoding = 4; lastKnownFileType = sourcecode.c.h; path = BNaviTTSManager.h; sourceTree = "<group>"; };
		FED22FF7190E9D3B00277079 /* BNTTSSDK.bundle */ = {isa = PBXFileReference; lastKnownFileType = "wrapper.plug-in"; path = BNTTSSDK.bundle; sourceTree = "<group>"; };
		FED22FF8190E9D3B00277079 /* libBNaviTTSManager.a */ = {isa = PBXFileReference; lastKnownFileType = archive.ar; path = libBNaviTTSManager.a; sourceTree = "<group>"; };
		FED23003190E9F5500277079 /* iflyMSC.framework */ = {isa = PBXFileReference; lastKnownFileType = wrapper.framework; path = iflyMSC.framework; sourceTree = "<group>"; };
/* End PBXFileReference section */

/* Begin PBXFrameworksBuildPhase section */
		FED22EFD190E911200277079 /* Frameworks */ = {
			isa = PBXFrameworksBuildPhase;
			buildActionMask = 2147483647;
			files = (
				FED22F06190E911200277079 /* CoreGraphics.framework in Frameworks */,
				FED23002190E9D3B00277079 /* libBNaviTTSManager.a in Frameworks */,
				FED22F08190E911200277079 /* UIKit.framework in Frameworks */,
				FED22FFA190E9D3B00277079 /* libbaidumapapi.a in Frameworks */,
				FED23004190E9F5500277079 /* iflyMSC.framework in Frameworks */,
				FED22F04190E911200277079 /* Foundation.framework in Frameworks */,
				FED22FFE190E9D3B00277079 /* libbaiduNaviSDK.a in Frameworks */,
				FED22FF9190E9D3B00277079 /* libbaidumapapi.a in Frameworks */,
			);
			runOnlyForDeploymentPostprocessing = 0;
		};
		FED22F18190E911200277079 /* Frameworks */ = {
			isa = PBXFrameworksBuildPhase;
			buildActionMask = 2147483647;
			files = (
				FED22F1D190E911200277079 /* XCTest.framework in Frameworks */,
				FED22F1F190E911200277079 /* UIKit.framework in Frameworks */,
				FED22F1E190E911200277079 /* Foundation.framework in Frameworks */,
			);
			runOnlyForDeploymentPostprocessing = 0;
		};
/* End PBXFrameworksBuildPhase section */

/* Begin PBXGroup section */
		FED22EF7190E911200277079 = {
			isa = PBXGroup;
			children = (
				FED22F09190E911200277079 /* TingCheBao */,
				FED22F22190E911200277079 /* TingCheBaoTests */,
				FED22F02190E911200277079 /* Frameworks */,
				FED22F01190E911200277079 /* Products */,
			);
			sourceTree = "<group>";
		};
		FED22F01190E911200277079 /* Products */ = {
			isa = PBXGroup;
			children = (
				FED22F00190E911200277079 /* TingCheBao.app */,
				FED22F1B190E911200277079 /* TingCheBaoTests.xctest */,
			);
			name = Products;
			sourceTree = "<group>";
		};
		FED22F02190E911200277079 /* Frameworks */ = {
			isa = PBXGroup;
			children = (
				FED22F03190E911200277079 /* Foundation.framework */,
				FED22F05190E911200277079 /* CoreGraphics.framework */,
				FED22F07190E911200277079 /* UIKit.framework */,
				FED22F1C190E911200277079 /* XCTest.framework */,
			);
			name = Frameworks;
			sourceTree = "<group>";
		};
		FED22F09190E911200277079 /* TingCheBao */ = {
			isa = PBXGroup;
			children = (
				FED22F32190E925300277079 /* Class */,
				FED22F12190E911200277079 /* TAppDelegate.h */,
				FED22F13190E911200277079 /* TAppDelegate.m */,
				FED22F3B190E940400277079 /* MainStoryboard.storyboard */,
				FED22F15190E911200277079 /* Images.xcassets */,
				FED22F0A190E911200277079 /* Supporting Files */,
			);
			path = TingCheBao;
			sourceTree = "<group>";
		};
		FED22F0A190E911200277079 /* Supporting Files */ = {
			isa = PBXGroup;
			children = (
				FED22F0B190E911200277079 /* TingCheBao-Info.plist */,
				FED22F0C190E911200277079 /* InfoPlist.strings */,
				FED22F0F190E911200277079 /* main.m */,
				FED22F11190E911200277079 /* TingCheBao-Prefix.pch */,
			);
			name = "Supporting Files";
			sourceTree = "<group>";
		};
		FED22F22190E911200277079 /* TingCheBaoTests */ = {
			isa = PBXGroup;
			children = (
				FED22F28190E911200277079 /* TingCheBaoTests.m */,
				FED22F23190E911200277079 /* Supporting Files */,
			);
			path = TingCheBaoTests;
			sourceTree = "<group>";
		};
		FED22F23190E911200277079 /* Supporting Files */ = {
			isa = PBXGroup;
			children = (
				FED22F24190E911200277079 /* TingCheBaoTests-Info.plist */,
				FED22F25190E911200277079 /* InfoPlist.strings */,
			);
			name = "Supporting Files";
			sourceTree = "<group>";
		};
		FED22F32190E925300277079 /* Class */ = {
			isa = PBXGroup;
			children = (
				FED22F33190E932D00277079 /* Lib */,
				FED22F34190E932D00277079 /* Model */,
				FED22F35190E932D00277079 /* Tool */,
				FED22F36190E932D00277079 /* View */,
				FED22F37190E932D00277079 /* ViewControl */,
			);
			path = Class;
			sourceTree = "<group>";
		};
		FED22F33190E932D00277079 /* Lib */ = {
			isa = PBXGroup;
			children = (
				FED23003190E9F5500277079 /* iflyMSC.framework */,
				FED22F5F190E9D3A00277079 /* baiduSDK */,
			);
			path = Lib;
			sourceTree = "<group>";
		};
		FED22F34190E932D00277079 /* Model */ = {
			isa = PBXGroup;
			children = (
			);
			path = Model;
			sourceTree = "<group>";
		};
		FED22F35190E932D00277079 /* Tool */ = {
			isa = PBXGroup;
			children = (
			);
			path = Tool;
			sourceTree = "<group>";
		};
		FED22F36190E932D00277079 /* View */ = {
			isa = PBXGroup;
			children = (
			);
			path = View;
			sourceTree = "<group>";
		};
		FED22F37190E932D00277079 /* ViewControl */ = {
			isa = PBXGroup;
			children = (
				FED22F38190E93E400277079 /* THomePageVC.h */,
				FED22F39190E93E400277079 /* THomePageVC.m */,
				FED22F3D190E963A00277079 /* TAboutVC.h */,
				FED22F3E190E963A00277079 /* TAboutVC.m */,
				FED22F40190E96C400277079 /* TCollectVC.h */,
				FED22F41190E96C400277079 /* TCollectVC.m */,
				FED22F43190E98B100277079 /* TFindParkingSpaceVC.h */,
				FED22F44190E98B100277079 /* TFindParkingSpaceVC.m */,
			);
			path = ViewControl;
			sourceTree = "<group>";
		};
		FED22F5F190E9D3A00277079 /* baiduSDK */ = {
			isa = PBXGroup;
			children = (
				FED22F60190E9D3A00277079 /* BaiduMap_iOSSDK_v2.2.1_Lib */,
				FED22FE6190E9D3B00277079 /* baiduNaviSDK */,
			);
			path = baiduSDK;
			sourceTree = "<group>";
		};
		FED22F60190E9D3A00277079 /* BaiduMap_iOSSDK_v2.2.1_Lib */ = {
			isa = PBXGroup;
			children = (
				FED22F61190E9D3A00277079 /* inc */,
				FED22F8B190E9D3A00277079 /* libs */,
				FED22FE4190E9D3B00277079 /* mapapi.bundle */,
				FED22FE5190E9D3B00277079 /* readme.txt */,
			);
			path = BaiduMap_iOSSDK_v2.2.1_Lib;
			sourceTree = "<group>";
		};
		FED22F61190E9D3A00277079 /* inc */ = {
			isa = PBXGroup;
			children = (
				FED22F62190E9D3A00277079 /* BMapKit.h */,
				FED22F63190E9D3A00277079 /* BMKActionPaopaoView.h */,
				FED22F64190E9D3A00277079 /* BMKAnnotation.h */,
				FED22F65190E9D3A00277079 /* BMKAnnotationView.h */,
				FED22F66190E9D3A00277079 /* BMKArcline.h */,
				FED22F67190E9D3A00277079 /* BMKArclineView.h */,
				FED22F68190E9D3A00277079 /* BMKCircle.h */,
				FED22F69190E9D3A00277079 /* BMKCircleView.h */,
				FED22F6A190E9D3A00277079 /* BMKCloudPOIList.h */,
				FED22F6B190E9D3A00277079 /* BMKCloudSearch.h */,
				FED22F6C190E9D3A00277079 /* BMKCloudSearchInfo.h */,
				FED22F6D190E9D3A00277079 /* BMKGeneralDelegate.h */,
				FED22F6E190E9D3A00277079 /* BMKGeocodeType.h */,
				FED22F6F190E9D3A00277079 /* BMKGeometry.h */,
				FED22F70190E9D3A00277079 /* BMKGroundOverlay.h */,
				FED22F71190E9D3A00277079 /* BMKGroundOverlayView.h */,
				FED22F72190E9D3A00277079 /* BMKLocationViewDisplayParam.h */,
				FED22F73190E9D3A00277079 /* BMKMapManager.h */,
				FED22F74190E9D3A00277079 /* BMKMapStatus.h */,
				FED22F75190E9D3A00277079 /* BMKMapView.h */,
				FED22F76190E9D3A00277079 /* BMKMultiPoint.h */,
				FED22F77190E9D3A00277079 /* BMKNavigation.h */,
				FED22F78190E9D3A00277079 /* BMKOfflineMap.h */,
				FED22F79190E9D3A00277079 /* BMKOfflineMapType.h */,
				FED22F7A190E9D3A00277079 /* BMKOverlay.h */,
				FED22F7B190E9D3A00277079 /* BMKOverlayGLBasicView.h */,
				FED22F7C190E9D3A00277079 /* BMKOverlayPathView.h */,
				FED22F7D190E9D3A00277079 /* BMKOverlayView.h */,
				FED22F7E190E9D3A00277079 /* BMKPinAnnotationView.h */,
				FED22F7F190E9D3A00277079 /* BMKPointAnnotation.h */,
				FED22F80190E9D3A00277079 /* BMKPoiSearchType.h */,
				FED22F81190E9D3A00277079 /* BMKPolygon.h */,
				FED22F82190E9D3A00277079 /* BMKPolygonView.h */,
				FED22F83190E9D3A00277079 /* BMKPolyline.h */,
				FED22F84190E9D3A00277079 /* BMKPolylineView.h */,
				FED22F85190E9D3A00277079 /* BMKRouteSearchType.h */,
				FED22F86190E9D3A00277079 /* BMKSearch.h */,
				FED22F87190E9D3A00277079 /* BMKShape.h */,
				FED22F88190E9D3A00277079 /* BMKTypes.h */,
				FED22F89190E9D3A00277079 /* BMKUserLocation.h */,
				FED22F8A190E9D3A00277079 /* BMKVersion.h */,
			);
			path = inc;
			sourceTree = "<group>";
		};
		FED22F8B190E9D3A00277079 /* libs */ = {
			isa = PBXGroup;
			children = (
				FED22F8C190E9D3A00277079 /* Release-iphoneos */,
				FED22FB8190E9D3B00277079 /* Release-iphonesimulator */,
			);
			path = libs;
			sourceTree = "<group>";
		};
		FED22F8C190E9D3A00277079 /* Release-iphoneos */ = {
			isa = PBXGroup;
			children = (
				FED22F8D190E9D3A00277079 /* inc */,
				FED22FB7190E9D3B00277079 /* libbaidumapapi.a */,
			);
			path = "Release-iphoneos";
			sourceTree = "<group>";
		};
		FED22F8D190E9D3A00277079 /* inc */ = {
			isa = PBXGroup;
			children = (
				FED22F8E190E9D3A00277079 /* BMapKit.h */,
				FED22F8F190E9D3A00277079 /* BMKActionPaopaoView.h */,
				FED22F90190E9D3A00277079 /* BMKAnnotation.h */,
				FED22F91190E9D3A00277079 /* BMKAnnotationView.h */,
				FED22F92190E9D3A00277079 /* BMKArcline.h */,
				FED22F93190E9D3A00277079 /* BMKArclineView.h */,
				FED22F94190E9D3A00277079 /* BMKCircle.h */,
				FED22F95190E9D3A00277079 /* BMKCircleView.h */,
				FED22F96190E9D3A00277079 /* BMKCloudPOIList.h */,
				FED22F97190E9D3A00277079 /* BMKCloudSearch.h */,
				FED22F98190E9D3A00277079 /* BMKCloudSearchInfo.h */,
				FED22F99190E9D3A00277079 /* BMKGeneralDelegate.h */,
				FED22F9A190E9D3A00277079 /* BMKGeocodeType.h */,
				FED22F9B190E9D3A00277079 /* BMKGeometry.h */,
				FED22F9C190E9D3A00277079 /* BMKGroundOverlay.h */,
				FED22F9D190E9D3A00277079 /* BMKGroundOverlayView.h */,
				FED22F9E190E9D3A00277079 /* BMKLocationViewDisplayParam.h */,
				FED22F9F190E9D3A00277079 /* BMKMapManager.h */,
				FED22FA0190E9D3A00277079 /* BMKMapStatus.h */,
				FED22FA1190E9D3A00277079 /* BMKMapView.h */,
				FED22FA2190E9D3A00277079 /* BMKMultiPoint.h */,
				FED22FA3190E9D3A00277079 /* BMKNavigation.h */,
				FED22FA4190E9D3A00277079 /* BMKOfflineMap.h */,
				FED22FA5190E9D3A00277079 /* BMKOfflineMapType.h */,
				FED22FA6190E9D3A00277079 /* BMKOverlay.h */,
				FED22FA7190E9D3A00277079 /* BMKOverlayGLBasicView.h */,
				FED22FA8190E9D3A00277079 /* BMKOverlayPathView.h */,
				FED22FA9190E9D3A00277079 /* BMKOverlayView.h */,
				FED22FAA190E9D3A00277079 /* BMKPinAnnotationView.h */,
				FED22FAB190E9D3A00277079 /* BMKPointAnnotation.h */,
				FED22FAC190E9D3A00277079 /* BMKPoiSearchType.h */,
				FED22FAD190E9D3A00277079 /* BMKPolygon.h */,
				FED22FAE190E9D3A00277079 /* BMKPolygonView.h */,
				FED22FAF190E9D3B00277079 /* BMKPolyline.h */,
				FED22FB0190E9D3B00277079 /* BMKPolylineView.h */,
				FED22FB1190E9D3B00277079 /* BMKRouteSearchType.h */,
				FED22FB2190E9D3B00277079 /* BMKSearch.h */,
				FED22FB3190E9D3B00277079 /* BMKShape.h */,
				FED22FB4190E9D3B00277079 /* BMKTypes.h */,
				FED22FB5190E9D3B00277079 /* BMKUserLocation.h */,
				FED22FB6190E9D3B00277079 /* BMKVersion.h */,
			);
			path = inc;
			sourceTree = "<group>";
		};
		FED22FB8190E9D3B00277079 /* Release-iphonesimulator */ = {
			isa = PBXGroup;
			children = (
				FED22FB9190E9D3B00277079 /* inc */,
				FED22FE3190E9D3B00277079 /* libbaidumapapi.a */,
			);
			path = "Release-iphonesimulator";
			sourceTree = "<group>";
		};
		FED22FB9190E9D3B00277079 /* inc */ = {
			isa = PBXGroup;
			children = (
				FED22FBA190E9D3B00277079 /* BMapKit.h */,
				FED22FBB190E9D3B00277079 /* BMKActionPaopaoView.h */,
				FED22FBC190E9D3B00277079 /* BMKAnnotation.h */,
				FED22FBD190E9D3B00277079 /* BMKAnnotationView.h */,
				FED22FBE190E9D3B00277079 /* BMKArcline.h */,
				FED22FBF190E9D3B00277079 /* BMKArclineView.h */,
				FED22FC0190E9D3B00277079 /* BMKCircle.h */,
				FED22FC1190E9D3B00277079 /* BMKCircleView.h */,
				FED22FC2190E9D3B00277079 /* BMKCloudPOIList.h */,
				FED22FC3190E9D3B00277079 /* BMKCloudSearch.h */,
				FED22FC4190E9D3B00277079 /* BMKCloudSearchInfo.h */,
				FED22FC5190E9D3B00277079 /* BMKGeneralDelegate.h */,
				FED22FC6190E9D3B00277079 /* BMKGeocodeType.h */,
				FED22FC7190E9D3B00277079 /* BMKGeometry.h */,
				FED22FC8190E9D3B00277079 /* BMKGroundOverlay.h */,
				FED22FC9190E9D3B00277079 /* BMKGroundOverlayView.h */,
				FED22FCA190E9D3B00277079 /* BMKLocationViewDisplayParam.h */,
				FED22FCB190E9D3B00277079 /* BMKMapManager.h */,
				FED22FCC190E9D3B00277079 /* BMKMapStatus.h */,
				FED22FCD190E9D3B00277079 /* BMKMapView.h */,
				FED22FCE190E9D3B00277079 /* BMKMultiPoint.h */,
				FED22FCF190E9D3B00277079 /* BMKNavigation.h */,
				FED22FD0190E9D3B00277079 /* BMKOfflineMap.h */,
				FED22FD1190E9D3B00277079 /* BMKOfflineMapType.h */,
				FED22FD2190E9D3B00277079 /* BMKOverlay.h */,
				FED22FD3190E9D3B00277079 /* BMKOverlayGLBasicView.h */,
				FED22FD4190E9D3B00277079 /* BMKOverlayPathView.h */,
				FED22FD5190E9D3B00277079 /* BMKOverlayView.h */,
				FED22FD6190E9D3B00277079 /* BMKPinAnnotationView.h */,
				FED22FD7190E9D3B00277079 /* BMKPointAnnotation.h */,
				FED22FD8190E9D3B00277079 /* BMKPoiSearchType.h */,
				FED22FD9190E9D3B00277079 /* BMKPolygon.h */,
				FED22FDA190E9D3B00277079 /* BMKPolygonView.h */,
				FED22FDB190E9D3B00277079 /* BMKPolyline.h */,
				FED22FDC190E9D3B00277079 /* BMKPolylineView.h */,
				FED22FDD190E9D3B00277079 /* BMKRouteSearchType.h */,
				FED22FDE190E9D3B00277079 /* BMKSearch.h */,
				FED22FDF190E9D3B00277079 /* BMKShape.h */,
				FED22FE0190E9D3B00277079 /* BMKTypes.h */,
				FED22FE1190E9D3B00277079 /* BMKUserLocation.h */,
				FED22FE2190E9D3B00277079 /* BMKVersion.h */,
			);
			path = inc;
			sourceTree = "<group>";
		};
		FED22FE6190E9D3B00277079 /* baiduNaviSDK */ = {
			isa = PBXGroup;
			children = (
				FED22FE7190E9D3B00277079 /* baiduNaviSDK.bundle */,
				FED22FE8190E9D3B00277079 /* inc */,
				FED22FF0190E9D3B00277079 /* lib */,
				FED22FF2190E9D3B00277079 /* readme.txt */,
				FED22FF3190E9D3B00277079 /* TTS */,
			);
			path = baiduNaviSDK;
			sourceTree = "<group>";
		};
		FED22FE8190E9D3B00277079 /* inc */ = {
			isa = PBXGroup;
			children = (
				FED22FE9190E9D3B00277079 /* BNCommonDef.h */,
				FED22FEA190E9D3B00277079 /* BNCoreServices.h */,
				FED22FEB190E9D3B00277079 /* BNRoutePlanManagerProtocol.h */,
				FED22FEC190E9D3B00277079 /* BNRoutePlanModel.h */,
				FED22FED190E9D3B00277079 /* BNSoundManagerProtocol.h */,
				FED22FEE190E9D3B00277079 /* BNTools.h */,
				FED22FEF190E9D3B00277079 /* BNUIManagerProtocol.h */,
			);
			path = inc;
			sourceTree = "<group>";
		};
		FED22FF0190E9D3B00277079 /* lib */ = {
			isa = PBXGroup;
			children = (
				FED22FF1190E9D3B00277079 /* libbaiduNaviSDK.a */,
			);
			path = lib;
			sourceTree = "<group>";
		};
		FED22FF3190E9D3B00277079 /* TTS */ = {
			isa = PBXGroup;
			children = (
				FED22FF4190E9D3B00277079 /* BNaviSoundManager.h */,
				FED22FF5190E9D3B00277079 /* BNaviSoundManager.m */,
				FED22FF6190E9D3B00277079 /* BNaviTTSManager.h */,
				FED22FF7190E9D3B00277079 /* BNTTSSDK.bundle */,
				FED22FF8190E9D3B00277079 /* libBNaviTTSManager.a */,
			);
			path = TTS;
			sourceTree = "<group>";
		};
/* End PBXGroup section */

/* Begin PBXNativeTarget section */
		FED22EFF190E911200277079 /* TingCheBao */ = {
			isa = PBXNativeTarget;
			buildConfigurationList = FED22F2C190E911200277079 /* Build configuration list for PBXNativeTarget "TingCheBao" */;
			buildPhases = (
				FED22EFC190E911200277079 /* Sources */,
				FED22EFD190E911200277079 /* Frameworks */,
				FED22EFE190E911200277079 /* Resources */,
			);
			buildRules = (
			);
			dependencies = (
			);
			name = TingCheBao;
			productName = TingCheBao;
			productReference = FED22F00190E911200277079 /* TingCheBao.app */;
			productType = "com.apple.product-type.application";
		};
		FED22F1A190E911200277079 /* TingCheBaoTests */ = {
			isa = PBXNativeTarget;
			buildConfigurationList = FED22F2F190E911200277079 /* Build configuration list for PBXNativeTarget "TingCheBaoTests" */;
			buildPhases = (
				FED22F17190E911200277079 /* Sources */,
				FED22F18190E911200277079 /* Frameworks */,
				FED22F19190E911200277079 /* Resources */,
			);
			buildRules = (
			);
			dependencies = (
				FED22F21190E911200277079 /* PBXTargetDependency */,
			);
			name = TingCheBaoTests;
			productName = TingCheBaoTests;
			productReference = FED22F1B190E911200277079 /* TingCheBaoTests.xctest */;
			productType = "com.apple.product-type.bundle.unit-test";
		};
/* End PBXNativeTarget section */

/* Begin PBXProject section */
		FED22EF8190E911200277079 /* Project object */ = {
			isa = PBXProject;
			attributes = {
				CLASSPREFIX = T;
				LastUpgradeCheck = 0510;
				ORGANIZATIONNAME = zhao;
				TargetAttributes = {
					FED22F1A190E911200277079 = {
						TestTargetID = FED22EFF190E911200277079;
					};
				};
			};
			buildConfigurationList = FED22EFB190E911200277079 /* Build configuration list for PBXProject "TingCheBao" */;
			compatibilityVersion = "Xcode 3.2";
			developmentRegion = English;
			hasScannedForEncodings = 0;
			knownRegions = (
				en,
			);
			mainGroup = FED22EF7190E911200277079;
			productRefGroup = FED22F01190E911200277079 /* Products */;
			projectDirPath = "";
			projectRoot = "";
			targets = (
				FED22EFF190E911200277079 /* TingCheBao */,
				FED22F1A190E911200277079 /* TingCheBaoTests */,
			);
		};
/* End PBXProject section */

/* Begin PBXResourcesBuildPhase section */
		FED22EFE190E911200277079 /* Resources */ = {
			isa = PBXResourcesBuildPhase;
			buildActionMask = 2147483647;
			files = (
				FED22FFC190E9D3B00277079 /* readme.txt in Resources */,
				FED22F3C190E940400277079 /* MainStoryboard.storyboard in Resources */,
				FED22FFD190E9D3B00277079 /* baiduNaviSDK.bundle in Resources */,
				FED22FFB190E9D3B00277079 /* mapapi.bundle in Resources */,
				FED23001190E9D3B00277079 /* BNTTSSDK.bundle in Resources */,
				FED22FFF190E9D3B00277079 /* readme.txt in Resources */,
				FED22F0E190E911200277079 /* InfoPlist.strings in Resources */,
				FED22F16190E911200277079 /* Images.xcassets in Resources */,
			);
			runOnlyForDeploymentPostprocessing = 0;
		};
		FED22F19190E911200277079 /* Resources */ = {
			isa = PBXResourcesBuildPhase;
			buildActionMask = 2147483647;
			files = (
				FED22F27190E911200277079 /* InfoPlist.strings in Resources */,
			);
			runOnlyForDeploymentPostprocessing = 0;
		};
/* End PBXResourcesBuildPhase section */

/* Begin PBXSourcesBuildPhase section */
		FED22EFC190E911200277079 /* Sources */ = {
			isa = PBXSourcesBuildPhase;
			buildActionMask = 2147483647;
			files = (
				FED22F45190E98B100277079 /* TFindParkingSpaceVC.m in Sources */,
				FED22F10190E911200277079 /* main.m in Sources */,
				FED22F42190E96C400277079 /* TCollectVC.m in Sources */,
				FED22F3F190E963A00277079 /* TAboutVC.m in Sources */,
				FED23000190E9D3B00277079 /* BNaviSoundManager.m in Sources */,
				FED22F3A190E93E400277079 /* THomePageVC.m in Sources */,
				FED22F14190E911200277079 /* TAppDelegate.m in Sources */,
			);
			runOnlyForDeploymentPostprocessing = 0;
		};
		FED22F17190E911200277079 /* Sources */ = {
			isa = PBXSourcesBuildPhase;
			buildActionMask = 2147483647;
			files = (
				FED22F29190E911200277079 /* TingCheBaoTests.m in Sources */,
			);
			runOnlyForDeploymentPostprocessing = 0;
		};
/* End PBXSourcesBuildPhase section */

/* Begin PBXTargetDependency section */
		FED22F21190E911200277079 /* PBXTargetDependency */ = {
			isa = PBXTargetDependency;
			target = FED22EFF190E911200277079 /* TingCheBao */;
			targetProxy = FED22F20190E911200277079 /* PBXContainerItemProxy */;
		};
/* End PBXTargetDependency section */

/* Begin PBXVariantGroup section */
		FED22F0C190E911200277079 /* InfoPlist.strings */ = {
			isa = PBXVariantGroup;
			children = (
				FED22F0D190E911200277079 /* en */,
			);
			name = InfoPlist.strings;
			sourceTree = "<group>";
		};
		FED22F25190E911200277079 /* InfoPlist.strings */ = {
			isa = PBXVariantGroup;
			children = (
				FED22F26190E911200277079 /* en */,
			);
			name = InfoPlist.strings;
			sourceTree = "<group>";
		};
/* End PBXVariantGroup section */

/* Begin XCBuildConfiguration section */
		FED22F2A190E911200277079 /* Debug */ = {
			isa = XCBuildConfiguration;
			buildSettings = {
				ALWAYS_SEARCH_USER_PATHS = NO;
				CLANG_CXX_LANGUAGE_STANDARD = "gnu++0x";
				CLANG_CXX_LIBRARY = "libc++";
				CLANG_ENABLE_MODULES = YES;
				CLANG_ENABLE_OBJC_ARC = YES;
				CLANG_WARN_BOOL_CONVERSION = YES;
				CLANG_WARN_CONSTANT_CONVERSION = YES;
				CLANG_WARN_DIRECT_OBJC_ISA_USAGE = YES_ERROR;
				CLANG_WARN_EMPTY_BODY = YES;
				CLANG_WARN_ENUM_CONVERSION = YES;
				CLANG_WARN_INT_CONVERSION = YES;
				CLANG_WARN_OBJC_ROOT_CLASS = YES_ERROR;
				CLANG_WARN__DUPLICATE_METHOD_MATCH = YES;
				"CODE_SIGN_IDENTITY[sdk=iphoneos*]" = "iPhone Developer";
				COPY_PHASE_STRIP = NO;
				GCC_C_LANGUAGE_STANDARD = gnu99;
				GCC_DYNAMIC_NO_PIC = NO;
				GCC_OPTIMIZATION_LEVEL = 0;
				GCC_PREPROCESSOR_DEFINITIONS = (
					"DEBUG=1",
					"$(inherited)",
				);
				GCC_SYMBOLS_PRIVATE_EXTERN = NO;
				GCC_WARN_64_TO_32_BIT_CONVERSION = YES;
				GCC_WARN_ABOUT_RETURN_TYPE = YES_ERROR;
				GCC_WARN_UNDECLARED_SELECTOR = YES;
				GCC_WARN_UNINITIALIZED_AUTOS = YES_AGGRESSIVE;
				GCC_WARN_UNUSED_FUNCTION = YES;
				GCC_WARN_UNUSED_VARIABLE = YES;
				IPHONEOS_DEPLOYMENT_TARGET = 7.1;
				ONLY_ACTIVE_ARCH = YES;
				SDKROOT = iphoneos;
			};
			name = Debug;
		};
		FED22F2B190E911200277079 /* Release */ = {
			isa = XCBuildConfiguration;
			buildSettings = {
				ALWAYS_SEARCH_USER_PATHS = NO;
				CLANG_CXX_LANGUAGE_STANDARD = "gnu++0x";
				CLANG_CXX_LIBRARY = "libc++";
				CLANG_ENABLE_MODULES = YES;
				CLANG_ENABLE_OBJC_ARC = YES;
				CLANG_WARN_BOOL_CONVERSION = YES;
				CLANG_WARN_CONSTANT_CONVERSION = YES;
				CLANG_WARN_DIRECT_OBJC_ISA_USAGE = YES_ERROR;
				CLANG_WARN_EMPTY_BODY = YES;
				CLANG_WARN_ENUM_CONVERSION = YES;
				CLANG_WARN_INT_CONVERSION = YES;
				CLANG_WARN_OBJC_ROOT_CLASS = YES_ERROR;
				CLANG_WARN__DUPLICATE_METHOD_MATCH = YES;
				"CODE_SIGN_IDENTITY[sdk=iphoneos*]" = "iPhone Developer";
				COPY_PHASE_STRIP = YES;
				ENABLE_NS_ASSERTIONS = NO;
				GCC_C_LANGUAGE_STANDARD = gnu99;
				GCC_WARN_64_TO_32_BIT_CONVERSION = YES;
				GCC_WARN_ABOUT_RETURN_TYPE = YES_ERROR;
				GCC_WARN_UNDECLARED_SELECTOR = YES;
				GCC_WARN_UNINITIALIZED_AUTOS = YES_AGGRESSIVE;
				GCC_WARN_UNUSED_FUNCTION = YES;
				GCC_WARN_UNUSED_VARIABLE = YES;
				IPHONEOS_DEPLOYMENT_TARGET = 7.1;
				SDKROOT = iphoneos;
				VALIDATE_PRODUCT = YES;
			};
			name = Release;
		};
		FED22F2D190E911200277079 /* Debug */ = {
			isa = XCBuildConfiguration;
			buildSettings = {
				ASSETCATALOG_COMPILER_APPICON_NAME = AppIcon;
				ASSETCATALOG_COMPILER_LAUNCHIMAGE_NAME = LaunchImage;
				FRAMEWORK_SEARCH_PATHS = (
					"$(inherited)",
					"$(PROJECT_DIR)/TingCheBao/Class/Lib",
				);
				GCC_PRECOMPILE_PREFIX_HEADER = YES;
				GCC_PREFIX_HEADER = "TingCheBao/TingCheBao-Prefix.pch";
				INFOPLIST_FILE = "TingCheBao/TingCheBao-Info.plist";
				LIBRARY_SEARCH_PATHS = (
					"$(inherited)",
					"$(PROJECT_DIR)/TingCheBao/Class/Lib/baiduNaviSDK/lib",
					"$(PROJECT_DIR)/TingCheBao/Class/Lib/baiduNaviSDK/TTS",
					"$(PROJECT_DIR)/TingCheBao/Class/Lib/baiduSDK/BaiduMap_iOSSDK_v2.2.1_Lib/libs/Release-iphoneos",
					"$(PROJECT_DIR)/TingCheBao/Class/Lib/baiduSDK/BaiduMap_iOSSDK_v2.2.1_Lib/libs/Release-iphonesimulator",
					"$(PROJECT_DIR)/TingCheBao/Class/Lib/baiduSDK/baiduNaviSDK/lib",
					"$(PROJECT_DIR)/TingCheBao/Class/Lib/baiduSDK/baiduNaviSDK/TTS",
				);
				PRODUCT_NAME = "$(TARGET_NAME)";
				WRAPPER_EXTENSION = app;
			};
			name = Debug;
		};
		FED22F2E190E911200277079 /* Release */ = {
			isa = XCBuildConfiguration;
			buildSettings = {
				ASSETCATALOG_COMPILER_APPICON_NAME = AppIcon;
				ASSETCATALOG_COMPILER_LAUNCHIMAGE_NAME = LaunchImage;
				FRAMEWORK_SEARCH_PATHS = (
					"$(inherited)",
					"$(PROJECT_DIR)/TingCheBao/Class/Lib",
				);
				GCC_PRECOMPILE_PREFIX_HEADER = YES;
				GCC_PREFIX_HEADER = "TingCheBao/TingCheBao-Prefix.pch";
				INFOPLIST_FILE = "TingCheBao/TingCheBao-Info.plist";
				LIBRARY_SEARCH_PATHS = (
					"$(inherited)",
					"$(PROJECT_DIR)/TingCheBao/Class/Lib/baiduNaviSDK/lib",
					"$(PROJECT_DIR)/TingCheBao/Class/Lib/baiduNaviSDK/TTS",
					"$(PROJECT_DIR)/TingCheBao/Class/Lib/baiduSDK/BaiduMap_iOSSDK_v2.2.1_Lib/libs/Release-iphoneos",
					"$(PROJECT_DIR)/TingCheBao/Class/Lib/baiduSDK/BaiduMap_iOSSDK_v2.2.1_Lib/libs/Release-iphonesimulator",
					"$(PROJECT_DIR)/TingCheBao/Class/Lib/baiduSDK/baiduNaviSDK/lib",
					"$(PROJECT_DIR)/TingCheBao/Class/Lib/baiduSDK/baiduNaviSDK/TTS",
				);
				PRODUCT_NAME = "$(TARGET_NAME)";
				WRAPPER_EXTENSION = app;
			};
			name = Release;
		};
		FED22F30190E911200277079 /* Debug */ = {
			isa = XCBuildConfiguration;
			buildSettings = {
				BUNDLE_LOADER = "$(BUILT_PRODUCTS_DIR)/TingCheBao.app/TingCheBao";
				FRAMEWORK_SEARCH_PATHS = (
					"$(SDKROOT)/Developer/Library/Frameworks",
					"$(inherited)",
					"$(DEVELOPER_FRAMEWORKS_DIR)",
				);
				GCC_PRECOMPILE_PREFIX_HEADER = YES;
				GCC_PREFIX_HEADER = "TingCheBao/TingCheBao-Prefix.pch";
				GCC_PREPROCESSOR_DEFINITIONS = (
					"DEBUG=1",
					"$(inherited)",
				);
				INFOPLIST_FILE = "TingCheBaoTests/TingCheBaoTests-Info.plist";
				PRODUCT_NAME = "$(TARGET_NAME)";
				TEST_HOST = "$(BUNDLE_LOADER)";
				WRAPPER_EXTENSION = xctest;
			};
			name = Debug;
		};
		FED22F31190E911200277079 /* Release */ = {
			isa = XCBuildConfiguration;
			buildSettings = {
				BUNDLE_LOADER = "$(BUILT_PRODUCTS_DIR)/TingCheBao.app/TingCheBao";
				FRAMEWORK_SEARCH_PATHS = (
					"$(SDKROOT)/Developer/Library/Frameworks",
					"$(inherited)",
					"$(DEVELOPER_FRAMEWORKS_DIR)",
				);
				GCC_PRECOMPILE_PREFIX_HEADER = YES;
				GCC_PREFIX_HEADER = "TingCheBao/TingCheBao-Prefix.pch";
				INFOPLIST_FILE = "TingCheBaoTests/TingCheBaoTests-Info.plist";
				PRODUCT_NAME = "$(TARGET_NAME)";
				TEST_HOST = "$(BUNDLE_LOADER)";
				WRAPPER_EXTENSION = xctest;
			};
			name = Release;
		};
/* End XCBuildConfiguration section */

/* Begin XCConfigurationList section */
		FED22EFB190E911200277079 /* Build configuration list for PBXProject "TingCheBao" */ = {
			isa = XCConfigurationList;
			buildConfigurations = (
				FED22F2A190E911200277079 /* Debug */,
				FED22F2B190E911200277079 /* Release */,
			);
			defaultConfigurationIsVisible = 0;
			defaultConfigurationName = Release;
		};
		FED22F2C190E911200277079 /* Build configuration list for PBXNativeTarget "TingCheBao" */ = {
			isa = XCConfigurationList;
			buildConfigurations = (
				FED22F2D190E911200277079 /* Debug */,
				FED22F2E190E911200277079 /* Release */,
			);
			defaultConfigurationIsVisible = 0;
		};
		FED22F2F190E911200277079 /* Build configuration list for PBXNativeTarget "TingCheBaoTests" */ = {
			isa = XCConfigurationList;
			buildConfigurations = (
				FED22F30190E911200277079 /* Debug */,
				FED22F31190E911200277079 /* Release */,
			);
			defaultConfigurationIsVisible = 0;
		};
/* End XCConfigurationList section */
	};
	rootObject = FED22EF8190E911200277079 /* Project object */;
}
